// !$*UTF8*$!
{
	archiveVersion = 1;
	classes = {
	};
	objectVersion = 55;
	objects = {

/* Begin PBXBuildFile section */
		96139A9F28A8BB2100913214 /* DataLabel.swift in Sources */ = {isa = PBXBuildFile; fileRef = 96139A9E28A8BB2100913214 /* DataLabel.swift */; };
		966B041A28A07A4200DD484E /* StudySessionLauncherViewController.swift in Sources */ = {isa = PBXBuildFile; fileRef = 966B041928A07A4200DD484E /* StudySessionLauncherViewController.swift */; };
		966B041C28A0AA3B00DD484E /* CardBrowserViewController.swift in Sources */ = {isa = PBXBuildFile; fileRef = 966B041B28A0AA3B00DD484E /* CardBrowserViewController.swift */; };
		966B041E28A0BA0600DD484E /* CardBrowserCell.swift in Sources */ = {isa = PBXBuildFile; fileRef = 966B041D28A0BA0600DD484E /* CardBrowserCell.swift */; };
		966B042028A20C3900DD484E /* CardEditorViewController.swift in Sources */ = {isa = PBXBuildFile; fileRef = 966B041F28A20C3900DD484E /* CardEditorViewController.swift */; };
		966B042228A22E8000DD484E /* StudySessionViewController.swift in Sources */ = {isa = PBXBuildFile; fileRef = 966B042128A22E8000DD484E /* StudySessionViewController.swift */; };
		966B042428A3223A00DD484E /* TestJig.swift in Sources */ = {isa = PBXBuildFile; fileRef = 966B042328A3223A00DD484E /* TestJig.swift */; };
		966B042828A4A3A200DD484E /* DeckSettingsViewController.swift in Sources */ = {isa = PBXBuildFile; fileRef = 966B042728A4A3A200DD484E /* DeckSettingsViewController.swift */; };
		966B042A28A4B25F00DD484E /* MiscElements.swift in Sources */ = {isa = PBXBuildFile; fileRef = 966B042928A4B25F00DD484E /* MiscElements.swift */; };
		966B042C28A4C02400DD484E /* SmartDismissExtension.swift in Sources */ = {isa = PBXBuildFile; fileRef = 966B042B28A4C02400DD484E /* SmartDismissExtension.swift */; };
		966B043028A4F37100DD484E /* ContentPackSelectorViewController.swift in Sources */ = {isa = PBXBuildFile; fileRef = 966B042F28A4F37100DD484E /* ContentPackSelectorViewController.swift */; };
		966B043628A5C43F00DD484E /* TestData.swift in Sources */ = {isa = PBXBuildFile; fileRef = 966B043528A5C43F00DD484E /* TestData.swift */; };
		966B043C28A5FB6700DD484E /* SRSService.swift in Sources */ = {isa = PBXBuildFile; fileRef = 966B043B28A5FB6700DD484E /* SRSService.swift */; };
		966B044828A6443200DD484E /* ContentPackSettingsViewController.swift in Sources */ = {isa = PBXBuildFile; fileRef = 966B044728A6443200DD484E /* ContentPackSettingsViewController.swift */; };
		966B044A28A64F9300DD484E /* EZLayout.swift in Sources */ = {isa = PBXBuildFile; fileRef = 966B044928A64F9300DD484E /* EZLayout.swift */; };
		968AAB5A28AC7FE5008DA56E /* SRSServiceTests.swift in Sources */ = {isa = PBXBuildFile; fileRef = 968AAB5928AC7FE5008DA56E /* SRSServiceTests.swift */; };
		96BE32F2289D6BD900A04D53 /* AppDelegate.swift in Sources */ = {isa = PBXBuildFile; fileRef = 96BE32F1289D6BD900A04D53 /* AppDelegate.swift */; };
		96BE32F4289D6BD900A04D53 /* SceneDelegate.swift in Sources */ = {isa = PBXBuildFile; fileRef = 96BE32F3289D6BD900A04D53 /* SceneDelegate.swift */; };
		96BE32FC289D6BD900A04D53 /* FlashCards.xcdatamodeld in Sources */ = {isa = PBXBuildFile; fileRef = 96BE32FA289D6BD900A04D53 /* FlashCards.xcdatamodeld */; };
		96BE32FE289D6BDA00A04D53 /* Assets.xcassets in Resources */ = {isa = PBXBuildFile; fileRef = 96BE32FD289D6BDA00A04D53 /* Assets.xcassets */; };
		96BE3301289D6BDA00A04D53 /* LaunchScreen.storyboard in Resources */ = {isa = PBXBuildFile; fileRef = 96BE32FF289D6BDA00A04D53 /* LaunchScreen.storyboard */; };
		96BE3316289D6BDA00A04D53 /* FlashCardsUITests.swift in Sources */ = {isa = PBXBuildFile; fileRef = 96BE3315289D6BDA00A04D53 /* FlashCardsUITests.swift */; };
		96BE3327289D6DC100A04D53 /* DeckListViewController.swift in Sources */ = {isa = PBXBuildFile; fileRef = 96BE3326289D6DC100A04D53 /* DeckListViewController.swift */; };
		96BE3329289D6DE200A04D53 /* ContentPackListViewController.swift in Sources */ = {isa = PBXBuildFile; fileRef = 96BE3328289D6DE200A04D53 /* ContentPackListViewController.swift */; };
		96BE3364289D81B400A04D53 /* StudyResultEnum.swift in Sources */ = {isa = PBXBuildFile; fileRef = 96BE335D289D81B300A04D53 /* StudyResultEnum.swift */; };
		96BE3365289D81B400A04D53 /* Card+CoreDataProperties.swift in Sources */ = {isa = PBXBuildFile; fileRef = 96BE335E289D81B300A04D53 /* Card+CoreDataProperties.swift */; };
		96BE3366289D81B400A04D53 /* ContentPack.swift in Sources */ = {isa = PBXBuildFile; fileRef = 96BE335F289D81B300A04D53 /* ContentPack.swift */; };
		96BE3367289D81B400A04D53 /* Deck.swift in Sources */ = {isa = PBXBuildFile; fileRef = 96BE3360289D81B300A04D53 /* Deck.swift */; };
		96BE3368289D81B400A04D53 /* Card.swift in Sources */ = {isa = PBXBuildFile; fileRef = 96BE3361289D81B300A04D53 /* Card.swift */; };
		96BE3369289D81B400A04D53 /* Deck+CoreDataProperties.swift in Sources */ = {isa = PBXBuildFile; fileRef = 96BE3362289D81B300A04D53 /* Deck+CoreDataProperties.swift */; };
		96BE336A289D81B400A04D53 /* ContentPack+CoreDataProperties.swift in Sources */ = {isa = PBXBuildFile; fileRef = 96BE3363289D81B300A04D53 /* ContentPack+CoreDataProperties.swift */; };
		96BE3372289D81CC00A04D53 /* FlashCardServiceTests.swift in Sources */ = {isa = PBXBuildFile; fileRef = 96BE336E289D81CC00A04D53 /* FlashCardServiceTests.swift */; };
		96BE3374289D81CC00A04D53 /* ManagedObjectTests.swift in Sources */ = {isa = PBXBuildFile; fileRef = 96BE3370289D81CC00A04D53 /* ManagedObjectTests.swift */; };
		96BE337A289D827200A04D53 /* DependencyContainer.swift in Sources */ = {isa = PBXBuildFile; fileRef = 96BE3376289D827200A04D53 /* DependencyContainer.swift */; };
		96BE337B289D827200A04D53 /* FlashCardService.swift in Sources */ = {isa = PBXBuildFile; fileRef = 96BE3378289D827200A04D53 /* FlashCardService.swift */; };
		96BE337C289D827200A04D53 /* CoreDataFlashCardService.swift in Sources */ = {isa = PBXBuildFile; fileRef = 96BE3379289D827200A04D53 /* CoreDataFlashCardService.swift */; };
		96BE337F289D82C300A04D53 /* StudyRecord.swift in Sources */ = {isa = PBXBuildFile; fileRef = 96BE337D289D82C300A04D53 /* StudyRecord.swift */; };
		96BE3380289D82C300A04D53 /* StudyRecord+CoreDataProperties.swift in Sources */ = {isa = PBXBuildFile; fileRef = 96BE337E289D82C300A04D53 /* StudyRecord+CoreDataProperties.swift */; };
		96BE3382289D8DE800A04D53 /* EditingTableViewDiffableDataSource.swift in Sources */ = {isa = PBXBuildFile; fileRef = 96BE3381289D8DE800A04D53 /* EditingTableViewDiffableDataSource.swift */; };
		96BE3387289DA07D00A04D53 /* PersistentContainerHelper.swift in Sources */ = {isa = PBXBuildFile; fileRef = 96BE336C289D81CC00A04D53 /* PersistentContainerHelper.swift */; };
		96E011F028AB603B009FA4C4 /* MockNSResultsControllerDelegate.swift in Sources */ = {isa = PBXBuildFile; fileRef = 96E011EF28AB603B009FA4C4 /* MockNSResultsControllerDelegate.swift */; };
		96E85B0E28A81FE80047C132 /* ContentPackListCell.swift in Sources */ = {isa = PBXBuildFile; fileRef = 96E85B0D28A81FE80047C132 /* ContentPackListCell.swift */; };
		96E85B1128A8207D0047C132 /* DeckListCell.swift in Sources */ = {isa = PBXBuildFile; fileRef = 96E85B1028A8207D0047C132 /* DeckListCell.swift */; };
		96E85B1328A821B40047C132 /* TitleField.swift in Sources */ = {isa = PBXBuildFile; fileRef = 96E85B1228A821B40047C132 /* TitleField.swift */; };
		96E85B1528A821C40047C132 /* TextFieldWithLabel.swift in Sources */ = {isa = PBXBuildFile; fileRef = 96E85B1428A821C40047C132 /* TextFieldWithLabel.swift */; };
		96E85B1728A821DA0047C132 /* MultilineTextFieldWithLabel.swift in Sources */ = {isa = PBXBuildFile; fileRef = 96E85B1628A821DA0047C132 /* MultilineTextFieldWithLabel.swift */; };
		96E85B1928A822300047C132 /* CollectionViewer.swift in Sources */ = {isa = PBXBuildFile; fileRef = 96E85B1828A822300047C132 /* CollectionViewer.swift */; };
		96E85B1B28A822510047C132 /* StepperField.swift in Sources */ = {isa = PBXBuildFile; fileRef = 96E85B1A28A822510047C132 /* StepperField.swift */; };
		96E85B1D28A8437F0047C132 /* StudySessionView.swift in Sources */ = {isa = PBXBuildFile; fileRef = 96E85B1C28A8437F0047C132 /* StudySessionView.swift */; };
		96E85B2128A86D4B0047C132 /* View+addSubviewAndFit.swift in Sources */ = {isa = PBXBuildFile; fileRef = 96E85B2028A86D4B0047C132 /* View+addSubviewAndFit.swift */; };
		96E85B2328A875780047C132 /* InfoViewer.swift in Sources */ = {isa = PBXBuildFile; fileRef = 96E85B2228A875780047C132 /* InfoViewer.swift */; };
/* End PBXBuildFile section */

/* Begin PBXContainerItemProxy section */
		96BE3308289D6BDA00A04D53 /* PBXContainerItemProxy */ = {
			isa = PBXContainerItemProxy;
			containerPortal = 96BE32E6289D6BD900A04D53 /* Project object */;
			proxyType = 1;
			remoteGlobalIDString = 96BE32ED289D6BD900A04D53;
			remoteInfo = FlashCards;
		};
		96BE3312289D6BDA00A04D53 /* PBXContainerItemProxy */ = {
			isa = PBXContainerItemProxy;
			containerPortal = 96BE32E6289D6BD900A04D53 /* Project object */;
			proxyType = 1;
			remoteGlobalIDString = 96BE32ED289D6BD900A04D53;
			remoteInfo = FlashCards;
		};
/* End PBXContainerItemProxy section */

/* Begin PBXFileReference section */
		96139A9E28A8BB2100913214 /* DataLabel.swift */ = {isa = PBXFileReference; lastKnownFileType = sourcecode.swift; path = DataLabel.swift; sourceTree = "<group>"; };
		966B041928A07A4200DD484E /* StudySessionLauncherViewController.swift */ = {isa = PBXFileReference; lastKnownFileType = sourcecode.swift; path = StudySessionLauncherViewController.swift; sourceTree = "<group>"; };
		966B041B28A0AA3B00DD484E /* CardBrowserViewController.swift */ = {isa = PBXFileReference; lastKnownFileType = sourcecode.swift; path = CardBrowserViewController.swift; sourceTree = "<group>"; };
		966B041D28A0BA0600DD484E /* CardBrowserCell.swift */ = {isa = PBXFileReference; lastKnownFileType = sourcecode.swift; path = CardBrowserCell.swift; sourceTree = "<group>"; };
		966B041F28A20C3900DD484E /* CardEditorViewController.swift */ = {isa = PBXFileReference; lastKnownFileType = sourcecode.swift; path = CardEditorViewController.swift; sourceTree = "<group>"; };
		966B042128A22E8000DD484E /* StudySessionViewController.swift */ = {isa = PBXFileReference; lastKnownFileType = sourcecode.swift; path = StudySessionViewController.swift; sourceTree = "<group>"; };
		966B042328A3223A00DD484E /* TestJig.swift */ = {isa = PBXFileReference; lastKnownFileType = sourcecode.swift; path = TestJig.swift; sourceTree = "<group>"; };
		966B042728A4A3A200DD484E /* DeckSettingsViewController.swift */ = {isa = PBXFileReference; lastKnownFileType = sourcecode.swift; path = DeckSettingsViewController.swift; sourceTree = "<group>"; };
		966B042928A4B25F00DD484E /* MiscElements.swift */ = {isa = PBXFileReference; lastKnownFileType = sourcecode.swift; path = MiscElements.swift; sourceTree = "<group>"; };
		966B042B28A4C02400DD484E /* SmartDismissExtension.swift */ = {isa = PBXFileReference; lastKnownFileType = sourcecode.swift; path = SmartDismissExtension.swift; sourceTree = "<group>"; };
		966B042F28A4F37100DD484E /* ContentPackSelectorViewController.swift */ = {isa = PBXFileReference; lastKnownFileType = sourcecode.swift; path = ContentPackSelectorViewController.swift; sourceTree = "<group>"; };
		966B043528A5C43F00DD484E /* TestData.swift */ = {isa = PBXFileReference; lastKnownFileType = sourcecode.swift; path = TestData.swift; sourceTree = "<group>"; };
		966B043B28A5FB6700DD484E /* SRSService.swift */ = {isa = PBXFileReference; lastKnownFileType = sourcecode.swift; path = SRSService.swift; sourceTree = "<group>"; };
		966B044728A6443200DD484E /* ContentPackSettingsViewController.swift */ = {isa = PBXFileReference; fileEncoding = 4; lastKnownFileType = sourcecode.swift; path = ContentPackSettingsViewController.swift; sourceTree = "<group>"; };
		966B044928A64F9300DD484E /* EZLayout.swift */ = {isa = PBXFileReference; lastKnownFileType = sourcecode.swift; path = EZLayout.swift; sourceTree = "<group>"; };
		968AAB5928AC7FE5008DA56E /* SRSServiceTests.swift */ = {isa = PBXFileReference; lastKnownFileType = sourcecode.swift; path = SRSServiceTests.swift; sourceTree = "<group>"; };
		96BE32EE289D6BD900A04D53 /* FlashCards.app */ = {isa = PBXFileReference; explicitFileType = wrapper.application; includeInIndex = 0; path = FlashCards.app; sourceTree = BUILT_PRODUCTS_DIR; };
		96BE32F1289D6BD900A04D53 /* AppDelegate.swift */ = {isa = PBXFileReference; lastKnownFileType = sourcecode.swift; path = AppDelegate.swift; sourceTree = "<group>"; };
		96BE32F3289D6BD900A04D53 /* SceneDelegate.swift */ = {isa = PBXFileReference; lastKnownFileType = sourcecode.swift; path = SceneDelegate.swift; sourceTree = "<group>"; };
		96BE32FB289D6BD900A04D53 /* FlashCards.xcdatamodel */ = {isa = PBXFileReference; lastKnownFileType = wrapper.xcdatamodel; path = FlashCards.xcdatamodel; sourceTree = "<group>"; };
		96BE32FD289D6BDA00A04D53 /* Assets.xcassets */ = {isa = PBXFileReference; lastKnownFileType = folder.assetcatalog; path = Assets.xcassets; sourceTree = "<group>"; };
		96BE3300289D6BDA00A04D53 /* Base */ = {isa = PBXFileReference; lastKnownFileType = file.storyboard; name = Base; path = Base.lproj/LaunchScreen.storyboard; sourceTree = "<group>"; };
		96BE3302289D6BDA00A04D53 /* Info.plist */ = {isa = PBXFileReference; lastKnownFileType = text.plist.xml; path = Info.plist; sourceTree = "<group>"; };
		96BE3307289D6BDA00A04D53 /* FlashCardsTests.xctest */ = {isa = PBXFileReference; explicitFileType = wrapper.cfbundle; includeInIndex = 0; path = FlashCardsTests.xctest; sourceTree = BUILT_PRODUCTS_DIR; };
		96BE3311289D6BDA00A04D53 /* FlashCardsUITests.xctest */ = {isa = PBXFileReference; explicitFileType = wrapper.cfbundle; includeInIndex = 0; path = FlashCardsUITests.xctest; sourceTree = BUILT_PRODUCTS_DIR; };
		96BE3315289D6BDA00A04D53 /* FlashCardsUITests.swift */ = {isa = PBXFileReference; lastKnownFileType = sourcecode.swift; path = FlashCardsUITests.swift; sourceTree = "<group>"; };
		96BE3326289D6DC100A04D53 /* DeckListViewController.swift */ = {isa = PBXFileReference; lastKnownFileType = sourcecode.swift; path = DeckListViewController.swift; sourceTree = "<group>"; };
		96BE3328289D6DE200A04D53 /* ContentPackListViewController.swift */ = {isa = PBXFileReference; fileEncoding = 4; lastKnownFileType = sourcecode.swift; path = ContentPackListViewController.swift; sourceTree = "<group>"; };
		96BE335D289D81B300A04D53 /* StudyResultEnum.swift */ = {isa = PBXFileReference; fileEncoding = 4; lastKnownFileType = sourcecode.swift; path = StudyResultEnum.swift; sourceTree = "<group>"; };
		96BE335E289D81B300A04D53 /* Card+CoreDataProperties.swift */ = {isa = PBXFileReference; fileEncoding = 4; lastKnownFileType = sourcecode.swift; path = "Card+CoreDataProperties.swift"; sourceTree = "<group>"; };
		96BE335F289D81B300A04D53 /* ContentPack.swift */ = {isa = PBXFileReference; fileEncoding = 4; lastKnownFileType = sourcecode.swift; path = ContentPack.swift; sourceTree = "<group>"; };
		96BE3360289D81B300A04D53 /* Deck.swift */ = {isa = PBXFileReference; fileEncoding = 4; lastKnownFileType = sourcecode.swift; path = Deck.swift; sourceTree = "<group>"; };
		96BE3361289D81B300A04D53 /* Card.swift */ = {isa = PBXFileReference; fileEncoding = 4; lastKnownFileType = sourcecode.swift; path = Card.swift; sourceTree = "<group>"; };
		96BE3362289D81B300A04D53 /* Deck+CoreDataProperties.swift */ = {isa = PBXFileReference; fileEncoding = 4; lastKnownFileType = sourcecode.swift; path = "Deck+CoreDataProperties.swift"; sourceTree = "<group>"; };
		96BE3363289D81B300A04D53 /* ContentPack+CoreDataProperties.swift */ = {isa = PBXFileReference; fileEncoding = 4; lastKnownFileType = sourcecode.swift; path = "ContentPack+CoreDataProperties.swift"; sourceTree = "<group>"; };
		96BE336C289D81CC00A04D53 /* PersistentContainerHelper.swift */ = {isa = PBXFileReference; fileEncoding = 4; lastKnownFileType = sourcecode.swift; path = PersistentContainerHelper.swift; sourceTree = "<group>"; };
		96BE336E289D81CC00A04D53 /* FlashCardServiceTests.swift */ = {isa = PBXFileReference; fileEncoding = 4; lastKnownFileType = sourcecode.swift; path = FlashCardServiceTests.swift; sourceTree = "<group>"; };
		96BE3370289D81CC00A04D53 /* ManagedObjectTests.swift */ = {isa = PBXFileReference; fileEncoding = 4; lastKnownFileType = sourcecode.swift; path = ManagedObjectTests.swift; sourceTree = "<group>"; };
		96BE3376289D827200A04D53 /* DependencyContainer.swift */ = {isa = PBXFileReference; fileEncoding = 4; lastKnownFileType = sourcecode.swift; path = DependencyContainer.swift; sourceTree = "<group>"; };
		96BE3378289D827200A04D53 /* FlashCardService.swift */ = {isa = PBXFileReference; fileEncoding = 4; lastKnownFileType = sourcecode.swift; path = FlashCardService.swift; sourceTree = "<group>"; };
		96BE3379289D827200A04D53 /* CoreDataFlashCardService.swift */ = {isa = PBXFileReference; fileEncoding = 4; lastKnownFileType = sourcecode.swift; path = CoreDataFlashCardService.swift; sourceTree = "<group>"; };
		96BE337D289D82C300A04D53 /* StudyRecord.swift */ = {isa = PBXFileReference; fileEncoding = 4; lastKnownFileType = sourcecode.swift; path = StudyRecord.swift; sourceTree = "<group>"; };
		96BE337E289D82C300A04D53 /* StudyRecord+CoreDataProperties.swift */ = {isa = PBXFileReference; fileEncoding = 4; lastKnownFileType = sourcecode.swift; path = "StudyRecord+CoreDataProperties.swift"; sourceTree = "<group>"; };
		96BE3381289D8DE800A04D53 /* EditingTableViewDiffableDataSource.swift */ = {isa = PBXFileReference; lastKnownFileType = sourcecode.swift; path = EditingTableViewDiffableDataSource.swift; sourceTree = "<group>"; };
		96E011EF28AB603B009FA4C4 /* MockNSResultsControllerDelegate.swift */ = {isa = PBXFileReference; lastKnownFileType = sourcecode.swift; path = MockNSResultsControllerDelegate.swift; sourceTree = "<group>"; };
		96E85B0D28A81FE80047C132 /* ContentPackListCell.swift */ = {isa = PBXFileReference; lastKnownFileType = sourcecode.swift; path = ContentPackListCell.swift; sourceTree = "<group>"; };
		96E85B1028A8207D0047C132 /* DeckListCell.swift */ = {isa = PBXFileReference; lastKnownFileType = sourcecode.swift; path = DeckListCell.swift; sourceTree = "<group>"; };
		96E85B1228A821B40047C132 /* TitleField.swift */ = {isa = PBXFileReference; lastKnownFileType = sourcecode.swift; path = TitleField.swift; sourceTree = "<group>"; };
		96E85B1428A821C40047C132 /* TextFieldWithLabel.swift */ = {isa = PBXFileReference; lastKnownFileType = sourcecode.swift; path = TextFieldWithLabel.swift; sourceTree = "<group>"; };
		96E85B1628A821DA0047C132 /* MultilineTextFieldWithLabel.swift */ = {isa = PBXFileReference; lastKnownFileType = sourcecode.swift; path = MultilineTextFieldWithLabel.swift; sourceTree = "<group>"; };
		96E85B1828A822300047C132 /* CollectionViewer.swift */ = {isa = PBXFileReference; lastKnownFileType = sourcecode.swift; path = CollectionViewer.swift; sourceTree = "<group>"; };
		96E85B1A28A822510047C132 /* StepperField.swift */ = {isa = PBXFileReference; lastKnownFileType = sourcecode.swift; path = StepperField.swift; sourceTree = "<group>"; };
		96E85B1C28A8437F0047C132 /* StudySessionView.swift */ = {isa = PBXFileReference; lastKnownFileType = sourcecode.swift; path = StudySessionView.swift; sourceTree = "<group>"; };
		96E85B2028A86D4B0047C132 /* View+addSubviewAndFit.swift */ = {isa = PBXFileReference; lastKnownFileType = sourcecode.swift; path = "View+addSubviewAndFit.swift"; sourceTree = "<group>"; };
		96E85B2228A875780047C132 /* InfoViewer.swift */ = {isa = PBXFileReference; lastKnownFileType = sourcecode.swift; path = InfoViewer.swift; sourceTree = "<group>"; };
/* End PBXFileReference section */

/* Begin PBXFrameworksBuildPhase section */
		96BE32EB289D6BD900A04D53 /* Frameworks */ = {
			isa = PBXFrameworksBuildPhase;
			buildActionMask = 2147483647;
			files = (
			);
			runOnlyForDeploymentPostprocessing = 0;
		};
		96BE3304289D6BDA00A04D53 /* Frameworks */ = {
			isa = PBXFrameworksBuildPhase;
			buildActionMask = 2147483647;
			files = (
			);
			runOnlyForDeploymentPostprocessing = 0;
		};
		96BE330E289D6BDA00A04D53 /* Frameworks */ = {
			isa = PBXFrameworksBuildPhase;
			buildActionMask = 2147483647;
			files = (
			);
			runOnlyForDeploymentPostprocessing = 0;
		};
/* End PBXFrameworksBuildPhase section */

/* Begin PBXGroup section */
		9666C57328AD3F5E004F77ED /* Test */ = {
			isa = PBXGroup;
			children = (
				966B042328A3223A00DD484E /* TestJig.swift */,
				966B043528A5C43F00DD484E /* TestData.swift */,
			);
			path = Test;
			sourceTree = "<group>";
		};
		968AAB5828AC7FD2008DA56E /* Service */ = {
			isa = PBXGroup;
			children = (
				96BE336E289D81CC00A04D53 /* FlashCardServiceTests.swift */,
				968AAB5928AC7FE5008DA56E /* SRSServiceTests.swift */,
			);
			path = Service;
			sourceTree = "<group>";
		};
		96BE32E5289D6BD900A04D53 = {
			isa = PBXGroup;
			children = (
				96BE32F0289D6BD900A04D53 /* FlashCards */,
				96BE330A289D6BDA00A04D53 /* FlashCardsTests */,
				96BE3314289D6BDA00A04D53 /* FlashCardsUITests */,
				96BE32EF289D6BD900A04D53 /* Products */,
			);
			sourceTree = "<group>";
		};
		96BE32EF289D6BD900A04D53 /* Products */ = {
			isa = PBXGroup;
			children = (
				96BE32EE289D6BD900A04D53 /* FlashCards.app */,
				96BE3307289D6BDA00A04D53 /* FlashCardsTests.xctest */,
				96BE3311289D6BDA00A04D53 /* FlashCardsUITests.xctest */,
			);
			name = Products;
			sourceTree = "<group>";
		};
		96BE32F0289D6BD900A04D53 /* FlashCards */ = {
			isa = PBXGroup;
			children = (
				96BE3302289D6BDA00A04D53 /* Info.plist */,
				96BE3325289D6C3200A04D53 /* Resources */,
				96BE332A289D7EF000A04D53 /* Model */,
				96BE3377289D827200A04D53 /* Service */,
				96BE3375289D827200A04D53 /* DependencyInjection */,
				96BE3324289D6C1900A04D53 /* Controller */,
				96BE338A289DADDD00A04D53 /* Views */,
				96BE336B289D81CC00A04D53 /* Helper */,
				9666C57328AD3F5E004F77ED /* Test */,
			);
			path = FlashCards;
			sourceTree = "<group>";
		};
		96BE330A289D6BDA00A04D53 /* FlashCardsTests */ = {
			isa = PBXGroup;
			children = (
				968AAB5828AC7FD2008DA56E /* Service */,
				96E011EE28AB6028009FA4C4 /* Mock */,
				96BE336D289D81CC00A04D53 /* Model */,
			);
			path = FlashCardsTests;
			sourceTree = "<group>";
		};
		96BE3314289D6BDA00A04D53 /* FlashCardsUITests */ = {
			isa = PBXGroup;
			children = (
				96BE3315289D6BDA00A04D53 /* FlashCardsUITests.swift */,
			);
			path = FlashCardsUITests;
			sourceTree = "<group>";
		};
		96BE3324289D6C1900A04D53 /* Controller */ = {
			isa = PBXGroup;
			children = (
				96BE32F1289D6BD900A04D53 /* AppDelegate.swift */,
				96BE32F3289D6BD900A04D53 /* SceneDelegate.swift */,
				96E85B0B28A81EC50047C132 /* Content */,
				96E85B0928A81E600047C132 /* Study */,
				96E85B0A28A81E910047C132 /* Components */,
			);
			path = Controller;
			sourceTree = "<group>";
		};
		96BE3325289D6C3200A04D53 /* Resources */ = {
			isa = PBXGroup;
			children = (
				96BE32FA289D6BD900A04D53 /* FlashCards.xcdatamodeld */,
				96BE32FD289D6BDA00A04D53 /* Assets.xcassets */,
				96BE32FF289D6BDA00A04D53 /* LaunchScreen.storyboard */,
			);
			path = Resources;
			sourceTree = "<group>";
		};
		96BE332A289D7EF000A04D53 /* Model */ = {
			isa = PBXGroup;
			children = (
				96BE337D289D82C300A04D53 /* StudyRecord.swift */,
				96BE337E289D82C300A04D53 /* StudyRecord+CoreDataProperties.swift */,
				96BE3361289D81B300A04D53 /* Card.swift */,
				96BE335E289D81B300A04D53 /* Card+CoreDataProperties.swift */,
				96BE335F289D81B300A04D53 /* ContentPack.swift */,
				96BE3363289D81B300A04D53 /* ContentPack+CoreDataProperties.swift */,
				96BE3360289D81B300A04D53 /* Deck.swift */,
				96BE3362289D81B300A04D53 /* Deck+CoreDataProperties.swift */,
				96BE335D289D81B300A04D53 /* StudyResultEnum.swift */,
			);
			path = Model;
			sourceTree = "<group>";
		};
		96BE336B289D81CC00A04D53 /* Helper */ = {
			isa = PBXGroup;
			children = (
				96BE336C289D81CC00A04D53 /* PersistentContainerHelper.swift */,
			);
			path = Helper;
			sourceTree = "<group>";
		};
		96BE336D289D81CC00A04D53 /* Model */ = {
			isa = PBXGroup;
			children = (
				96BE3370289D81CC00A04D53 /* ManagedObjectTests.swift */,
			);
			path = Model;
			sourceTree = "<group>";
		};
		96BE3375289D827200A04D53 /* DependencyInjection */ = {
			isa = PBXGroup;
			children = (
				96BE3376289D827200A04D53 /* DependencyContainer.swift */,
			);
			path = DependencyInjection;
			sourceTree = "<group>";
		};
		96BE3377289D827200A04D53 /* Service */ = {
			isa = PBXGroup;
			children = (
				96BE3378289D827200A04D53 /* FlashCardService.swift */,
				96BE3379289D827200A04D53 /* CoreDataFlashCardService.swift */,
				966B043B28A5FB6700DD484E /* SRSService.swift */,
			);
			path = Service;
			sourceTree = "<group>";
		};
		96BE338A289DADDD00A04D53 /* Views */ = {
			isa = PBXGroup;
			children = (
				96E85B0F28A820370047C132 /* Elements */,
				96E85B0C28A81FAF0047C132 /* TableCells */,
				96E85B1C28A8437F0047C132 /* StudySessionView.swift */,
				96E85B2028A86D4B0047C132 /* View+addSubviewAndFit.swift */,
			);
			path = Views;
			sourceTree = "<group>";
		};
		96E011EE28AB6028009FA4C4 /* Mock */ = {
			isa = PBXGroup;
			children = (
				96E011EF28AB603B009FA4C4 /* MockNSResultsControllerDelegate.swift */,
			);
			path = Mock;
			sourceTree = "<group>";
		};
		96E85B0928A81E600047C132 /* Study */ = {
			isa = PBXGroup;
			children = (
				96BE3326289D6DC100A04D53 /* DeckListViewController.swift */,
				966B041928A07A4200DD484E /* StudySessionLauncherViewController.swift */,
				966B042728A4A3A200DD484E /* DeckSettingsViewController.swift */,
				966B042F28A4F37100DD484E /* ContentPackSelectorViewController.swift */,
				966B042128A22E8000DD484E /* StudySessionViewController.swift */,
			);
			path = Study;
			sourceTree = "<group>";
		};
		96E85B0A28A81E910047C132 /* Components */ = {
			isa = PBXGroup;
			children = (
				966B042B28A4C02400DD484E /* SmartDismissExtension.swift */,
				96BE3381289D8DE800A04D53 /* EditingTableViewDiffableDataSource.swift */,
			);
			path = Components;
			sourceTree = "<group>";
		};
		96E85B0B28A81EC50047C132 /* Content */ = {
			isa = PBXGroup;
			children = (
				96BE3328289D6DE200A04D53 /* ContentPackListViewController.swift */,
				966B044728A6443200DD484E /* ContentPackSettingsViewController.swift */,
				966B041B28A0AA3B00DD484E /* CardBrowserViewController.swift */,
				966B041F28A20C3900DD484E /* CardEditorViewController.swift */,
			);
			path = Content;
			sourceTree = "<group>";
		};
		96E85B0C28A81FAF0047C132 /* TableCells */ = {
			isa = PBXGroup;
			children = (
				966B041D28A0BA0600DD484E /* CardBrowserCell.swift */,
				96E85B0D28A81FE80047C132 /* ContentPackListCell.swift */,
				96E85B1028A8207D0047C132 /* DeckListCell.swift */,
			);
			path = TableCells;
			sourceTree = "<group>";
		};
		96E85B0F28A820370047C132 /* Elements */ = {
			isa = PBXGroup;
			children = (
				966B044928A64F9300DD484E /* EZLayout.swift */,
				966B042928A4B25F00DD484E /* MiscElements.swift */,
				96E85B1228A821B40047C132 /* TitleField.swift */,
				96E85B1428A821C40047C132 /* TextFieldWithLabel.swift */,
				96E85B1628A821DA0047C132 /* MultilineTextFieldWithLabel.swift */,
				96E85B1828A822300047C132 /* CollectionViewer.swift */,
				96E85B1A28A822510047C132 /* StepperField.swift */,
				96E85B2228A875780047C132 /* InfoViewer.swift */,
				96139A9E28A8BB2100913214 /* DataLabel.swift */,
			);
			path = Elements;
			sourceTree = "<group>";
		};
/* End PBXGroup section */

/* Begin PBXNativeTarget section */
		96BE32ED289D6BD900A04D53 /* FlashCards */ = {
			isa = PBXNativeTarget;
			buildConfigurationList = 96BE331B289D6BDB00A04D53 /* Build configuration list for PBXNativeTarget "FlashCards" */;
			buildPhases = (
				96BE32EA289D6BD900A04D53 /* Sources */,
				96BE32EB289D6BD900A04D53 /* Frameworks */,
				96BE32EC289D6BD900A04D53 /* Resources */,
			);
			buildRules = (
			);
			dependencies = (
			);
			name = FlashCards;
			productName = FlashCards;
			productReference = 96BE32EE289D6BD900A04D53 /* FlashCards.app */;
			productType = "com.apple.product-type.application";
		};
		96BE3306289D6BDA00A04D53 /* FlashCardsTests */ = {
			isa = PBXNativeTarget;
			buildConfigurationList = 96BE331E289D6BDB00A04D53 /* Build configuration list for PBXNativeTarget "FlashCardsTests" */;
			buildPhases = (
				96BE3303289D6BDA00A04D53 /* Sources */,
				96BE3304289D6BDA00A04D53 /* Frameworks */,
				96BE3305289D6BDA00A04D53 /* Resources */,
			);
			buildRules = (
			);
			dependencies = (
				96BE3309289D6BDA00A04D53 /* PBXTargetDependency */,
			);
			name = FlashCardsTests;
			productName = FlashCardsTests;
			productReference = 96BE3307289D6BDA00A04D53 /* FlashCardsTests.xctest */;
			productType = "com.apple.product-type.bundle.unit-test";
		};
		96BE3310289D6BDA00A04D53 /* FlashCardsUITests */ = {
			isa = PBXNativeTarget;
			buildConfigurationList = 96BE3321289D6BDB00A04D53 /* Build configuration list for PBXNativeTarget "FlashCardsUITests" */;
			buildPhases = (
				96BE330D289D6BDA00A04D53 /* Sources */,
				96BE330E289D6BDA00A04D53 /* Frameworks */,
				96BE330F289D6BDA00A04D53 /* Resources */,
			);
			buildRules = (
			);
			dependencies = (
				96BE3313289D6BDA00A04D53 /* PBXTargetDependency */,
			);
			name = FlashCardsUITests;
			productName = FlashCardsUITests;
			productReference = 96BE3311289D6BDA00A04D53 /* FlashCardsUITests.xctest */;
			productType = "com.apple.product-type.bundle.ui-testing";
		};
/* End PBXNativeTarget section */

/* Begin PBXProject section */
		96BE32E6289D6BD900A04D53 /* Project object */ = {
			isa = PBXProject;
			attributes = {
				BuildIndependentTargetsInParallel = 1;
				LastSwiftUpdateCheck = 1340;
				LastUpgradeCheck = 1340;
				TargetAttributes = {
					96BE32ED289D6BD900A04D53 = {
						CreatedOnToolsVersion = 13.4.1;
					};
					96BE3306289D6BDA00A04D53 = {
						CreatedOnToolsVersion = 13.4.1;
						TestTargetID = 96BE32ED289D6BD900A04D53;
					};
					96BE3310289D6BDA00A04D53 = {
						CreatedOnToolsVersion = 13.4.1;
						TestTargetID = 96BE32ED289D6BD900A04D53;
					};
				};
			};
			buildConfigurationList = 96BE32E9289D6BD900A04D53 /* Build configuration list for PBXProject "FlashCards" */;
			compatibilityVersion = "Xcode 13.0";
			developmentRegion = en;
			hasScannedForEncodings = 0;
			knownRegions = (
				en,
				Base,
			);
			mainGroup = 96BE32E5289D6BD900A04D53;
			productRefGroup = 96BE32EF289D6BD900A04D53 /* Products */;
			projectDirPath = "";
			projectRoot = "";
			targets = (
				96BE32ED289D6BD900A04D53 /* FlashCards */,
				96BE3306289D6BDA00A04D53 /* FlashCardsTests */,
				96BE3310289D6BDA00A04D53 /* FlashCardsUITests */,
			);
		};
/* End PBXProject section */

/* Begin PBXResourcesBuildPhase section */
		96BE32EC289D6BD900A04D53 /* Resources */ = {
			isa = PBXResourcesBuildPhase;
			buildActionMask = 2147483647;
			files = (
				96BE3301289D6BDA00A04D53 /* LaunchScreen.storyboard in Resources */,
				96BE32FE289D6BDA00A04D53 /* Assets.xcassets in Resources */,
			);
			runOnlyForDeploymentPostprocessing = 0;
		};
		96BE3305289D6BDA00A04D53 /* Resources */ = {
			isa = PBXResourcesBuildPhase;
			buildActionMask = 2147483647;
			files = (
			);
			runOnlyForDeploymentPostprocessing = 0;
		};
		96BE330F289D6BDA00A04D53 /* Resources */ = {
			isa = PBXResourcesBuildPhase;
			buildActionMask = 2147483647;
			files = (
			);
			runOnlyForDeploymentPostprocessing = 0;
		};
/* End PBXResourcesBuildPhase section */

/* Begin PBXSourcesBuildPhase section */
		96BE32EA289D6BD900A04D53 /* Sources */ = {
			isa = PBXSourcesBuildPhase;
			buildActionMask = 2147483647;
			files = (
				96E85B2328A875780047C132 /* InfoViewer.swift in Sources */,
				96E85B0E28A81FE80047C132 /* ContentPackListCell.swift in Sources */,
				96BE3367289D81B400A04D53 /* Deck.swift in Sources */,
				96BE3329289D6DE200A04D53 /* ContentPackListViewController.swift in Sources */,
				96BE3380289D82C300A04D53 /* StudyRecord+CoreDataProperties.swift in Sources */,
				96BE3365289D81B400A04D53 /* Card+CoreDataProperties.swift in Sources */,
				966B042428A3223A00DD484E /* TestJig.swift in Sources */,
				96E85B1728A821DA0047C132 /* MultilineTextFieldWithLabel.swift in Sources */,
				96BE3382289D8DE800A04D53 /* EditingTableViewDiffableDataSource.swift in Sources */,
				966B042028A20C3900DD484E /* CardEditorViewController.swift in Sources */,
				96E85B1D28A8437F0047C132 /* StudySessionView.swift in Sources */,
				96BE337C289D827200A04D53 /* CoreDataFlashCardService.swift in Sources */,
				966B042228A22E8000DD484E /* StudySessionViewController.swift in Sources */,
				966B044828A6443200DD484E /* ContentPackSettingsViewController.swift in Sources */,
				96139A9F28A8BB2100913214 /* DataLabel.swift in Sources */,
				96BE337F289D82C300A04D53 /* StudyRecord.swift in Sources */,
				96BE32F2289D6BD900A04D53 /* AppDelegate.swift in Sources */,
				96BE336A289D81B400A04D53 /* ContentPack+CoreDataProperties.swift in Sources */,
				96E85B1328A821B40047C132 /* TitleField.swift in Sources */,
				96BE3327289D6DC100A04D53 /* DeckListViewController.swift in Sources */,
				96BE337B289D827200A04D53 /* FlashCardService.swift in Sources */,
				966B044A28A64F9300DD484E /* EZLayout.swift in Sources */,
				96BE337A289D827200A04D53 /* DependencyContainer.swift in Sources */,
				966B042A28A4B25F00DD484E /* MiscElements.swift in Sources */,
				96BE3364289D81B400A04D53 /* StudyResultEnum.swift in Sources */,
				96E85B1528A821C40047C132 /* TextFieldWithLabel.swift in Sources */,
				966B043028A4F37100DD484E /* ContentPackSelectorViewController.swift in Sources */,
				966B041A28A07A4200DD484E /* StudySessionLauncherViewController.swift in Sources */,
				96BE32FC289D6BD900A04D53 /* FlashCards.xcdatamodeld in Sources */,
				966B041C28A0AA3B00DD484E /* CardBrowserViewController.swift in Sources */,
				966B043628A5C43F00DD484E /* TestData.swift in Sources */,
				96BE3369289D81B400A04D53 /* Deck+CoreDataProperties.swift in Sources */,
				96E85B1B28A822510047C132 /* StepperField.swift in Sources */,
				96BE3368289D81B400A04D53 /* Card.swift in Sources */,
				96E85B2128A86D4B0047C132 /* View+addSubviewAndFit.swift in Sources */,
				96E85B1128A8207D0047C132 /* DeckListCell.swift in Sources */,
				96BE3366289D81B400A04D53 /* ContentPack.swift in Sources */,
				966B042828A4A3A200DD484E /* DeckSettingsViewController.swift in Sources */,
				96BE3387289DA07D00A04D53 /* PersistentContainerHelper.swift in Sources */,
				96E85B1928A822300047C132 /* CollectionViewer.swift in Sources */,
				966B043C28A5FB6700DD484E /* SRSService.swift in Sources */,
				966B041E28A0BA0600DD484E /* CardBrowserCell.swift in Sources */,
				966B042C28A4C02400DD484E /* SmartDismissExtension.swift in Sources */,
				96BE32F4289D6BD900A04D53 /* SceneDelegate.swift in Sources */,
			);
			runOnlyForDeploymentPostprocessing = 0;
		};
		96BE3303289D6BDA00A04D53 /* Sources */ = {
			isa = PBXSourcesBuildPhase;
			buildActionMask = 2147483647;
			files = (
				968AAB5A28AC7FE5008DA56E /* SRSServiceTests.swift in Sources */,
				96BE3372289D81CC00A04D53 /* FlashCardServiceTests.swift in Sources */,
				96BE3374289D81CC00A04D53 /* ManagedObjectTests.swift in Sources */,
				96E011F028AB603B009FA4C4 /* MockNSResultsControllerDelegate.swift in Sources */,
			);
			runOnlyForDeploymentPostprocessing = 0;
		};
		96BE330D289D6BDA00A04D53 /* Sources */ = {
			isa = PBXSourcesBuildPhase;
			buildActionMask = 2147483647;
			files = (
				96BE3316289D6BDA00A04D53 /* FlashCardsUITests.swift in Sources */,
			);
			runOnlyForDeploymentPostprocessing = 0;
		};
/* End PBXSourcesBuildPhase section */

/* Begin PBXTargetDependency section */
		96BE3309289D6BDA00A04D53 /* PBXTargetDependency */ = {
			isa = PBXTargetDependency;
			target = 96BE32ED289D6BD900A04D53 /* FlashCards */;
			targetProxy = 96BE3308289D6BDA00A04D53 /* PBXContainerItemProxy */;
		};
		96BE3313289D6BDA00A04D53 /* PBXTargetDependency */ = {
			isa = PBXTargetDependency;
			target = 96BE32ED289D6BD900A04D53 /* FlashCards */;
			targetProxy = 96BE3312289D6BDA00A04D53 /* PBXContainerItemProxy */;
		};
/* End PBXTargetDependency section */

/* Begin PBXVariantGroup section */
		96BE32FF289D6BDA00A04D53 /* LaunchScreen.storyboard */ = {
			isa = PBXVariantGroup;
			children = (
				96BE3300289D6BDA00A04D53 /* Base */,
			);
			name = LaunchScreen.storyboard;
			sourceTree = "<group>";
		};
/* End PBXVariantGroup section */

/* Begin XCBuildConfiguration section */
		96BE3319289D6BDB00A04D53 /* Debug */ = {
			isa = XCBuildConfiguration;
			buildSettings = {
				ALWAYS_SEARCH_USER_PATHS = NO;
				CLANG_ANALYZER_NONNULL = YES;
				CLANG_ANALYZER_NUMBER_OBJECT_CONVERSION = YES_AGGRESSIVE;
				CLANG_CXX_LANGUAGE_STANDARD = "gnu++17";
				CLANG_ENABLE_MODULES = YES;
				CLANG_ENABLE_OBJC_ARC = YES;
				CLANG_ENABLE_OBJC_WEAK = YES;
				CLANG_WARN_BLOCK_CAPTURE_AUTORELEASING = YES;
				CLANG_WARN_BOOL_CONVERSION = YES;
				CLANG_WARN_COMMA = YES;
				CLANG_WARN_CONSTANT_CONVERSION = YES;
				CLANG_WARN_DEPRECATED_OBJC_IMPLEMENTATIONS = YES;
				CLANG_WARN_DIRECT_OBJC_ISA_USAGE = YES_ERROR;
				CLANG_WARN_DOCUMENTATION_COMMENTS = YES;
				CLANG_WARN_EMPTY_BODY = YES;
				CLANG_WARN_ENUM_CONVERSION = YES;
				CLANG_WARN_INFINITE_RECURSION = YES;
				CLANG_WARN_INT_CONVERSION = YES;
				CLANG_WARN_NON_LITERAL_NULL_CONVERSION = YES;
				CLANG_WARN_OBJC_IMPLICIT_RETAIN_SELF = YES;
				CLANG_WARN_OBJC_LITERAL_CONVERSION = YES;
				CLANG_WARN_OBJC_ROOT_CLASS = YES_ERROR;
				CLANG_WARN_QUOTED_INCLUDE_IN_FRAMEWORK_HEADER = YES;
				CLANG_WARN_RANGE_LOOP_ANALYSIS = YES;
				CLANG_WARN_STRICT_PROTOTYPES = YES;
				CLANG_WARN_SUSPICIOUS_MOVE = YES;
				CLANG_WARN_UNGUARDED_AVAILABILITY = YES_AGGRESSIVE;
				CLANG_WARN_UNREACHABLE_CODE = YES;
				CLANG_WARN__DUPLICATE_METHOD_MATCH = YES;
				COPY_PHASE_STRIP = NO;
				DEBUG_INFORMATION_FORMAT = dwarf;
				ENABLE_STRICT_OBJC_MSGSEND = YES;
				ENABLE_TESTABILITY = YES;
				GCC_C_LANGUAGE_STANDARD = gnu11;
				GCC_DYNAMIC_NO_PIC = NO;
				GCC_NO_COMMON_BLOCKS = YES;
				GCC_OPTIMIZATION_LEVEL = 0;
				GCC_PREPROCESSOR_DEFINITIONS = (
					"DEBUG=1",
					"$(inherited)",
				);
				GCC_WARN_64_TO_32_BIT_CONVERSION = YES;
				GCC_WARN_ABOUT_RETURN_TYPE = YES_ERROR;
				GCC_WARN_UNDECLARED_SELECTOR = YES;
				GCC_WARN_UNINITIALIZED_AUTOS = YES_AGGRESSIVE;
				GCC_WARN_UNUSED_FUNCTION = YES;
				GCC_WARN_UNUSED_VARIABLE = YES;
				IPHONEOS_DEPLOYMENT_TARGET = 15.5;
				MTL_ENABLE_DEBUG_INFO = INCLUDE_SOURCE;
				MTL_FAST_MATH = YES;
				ONLY_ACTIVE_ARCH = YES;
				SDKROOT = iphoneos;
				SWIFT_ACTIVE_COMPILATION_CONDITIONS = DEBUG;
				SWIFT_OPTIMIZATION_LEVEL = "-Onone";
			};
			name = Debug;
		};
		96BE331A289D6BDB00A04D53 /* Release */ = {
			isa = XCBuildConfiguration;
			buildSettings = {
				ALWAYS_SEARCH_USER_PATHS = NO;
				CLANG_ANALYZER_NONNULL = YES;
				CLANG_ANALYZER_NUMBER_OBJECT_CONVERSION = YES_AGGRESSIVE;
				CLANG_CXX_LANGUAGE_STANDARD = "gnu++17";
				CLANG_ENABLE_MODULES = YES;
				CLANG_ENABLE_OBJC_ARC = YES;
				CLANG_ENABLE_OBJC_WEAK = YES;
				CLANG_WARN_BLOCK_CAPTURE_AUTORELEASING = YES;
				CLANG_WARN_BOOL_CONVERSION = YES;
				CLANG_WARN_COMMA = YES;
				CLANG_WARN_CONSTANT_CONVERSION = YES;
				CLANG_WARN_DEPRECATED_OBJC_IMPLEMENTATIONS = YES;
				CLANG_WARN_DIRECT_OBJC_ISA_USAGE = YES_ERROR;
				CLANG_WARN_DOCUMENTATION_COMMENTS = YES;
				CLANG_WARN_EMPTY_BODY = YES;
				CLANG_WARN_ENUM_CONVERSION = YES;
				CLANG_WARN_INFINITE_RECURSION = YES;
				CLANG_WARN_INT_CONVERSION = YES;
				CLANG_WARN_NON_LITERAL_NULL_CONVERSION = YES;
				CLANG_WARN_OBJC_IMPLICIT_RETAIN_SELF = YES;
				CLANG_WARN_OBJC_LITERAL_CONVERSION = YES;
				CLANG_WARN_OBJC_ROOT_CLASS = YES_ERROR;
				CLANG_WARN_QUOTED_INCLUDE_IN_FRAMEWORK_HEADER = YES;
				CLANG_WARN_RANGE_LOOP_ANALYSIS = YES;
				CLANG_WARN_STRICT_PROTOTYPES = YES;
				CLANG_WARN_SUSPICIOUS_MOVE = YES;
				CLANG_WARN_UNGUARDED_AVAILABILITY = YES_AGGRESSIVE;
				CLANG_WARN_UNREACHABLE_CODE = YES;
				CLANG_WARN__DUPLICATE_METHOD_MATCH = YES;
				COPY_PHASE_STRIP = NO;
				DEBUG_INFORMATION_FORMAT = "dwarf-with-dsym";
				ENABLE_NS_ASSERTIONS = NO;
				ENABLE_STRICT_OBJC_MSGSEND = YES;
				GCC_C_LANGUAGE_STANDARD = gnu11;
				GCC_NO_COMMON_BLOCKS = YES;
				GCC_WARN_64_TO_32_BIT_CONVERSION = YES;
				GCC_WARN_ABOUT_RETURN_TYPE = YES_ERROR;
				GCC_WARN_UNDECLARED_SELECTOR = YES;
				GCC_WARN_UNINITIALIZED_AUTOS = YES_AGGRESSIVE;
				GCC_WARN_UNUSED_FUNCTION = YES;
				GCC_WARN_UNUSED_VARIABLE = YES;
				IPHONEOS_DEPLOYMENT_TARGET = 15.5;
				MTL_ENABLE_DEBUG_INFO = NO;
				MTL_FAST_MATH = YES;
				SDKROOT = iphoneos;
				SWIFT_COMPILATION_MODE = wholemodule;
				SWIFT_OPTIMIZATION_LEVEL = "-O";
				VALIDATE_PRODUCT = YES;
			};
			name = Release;
		};
		96BE331C289D6BDB00A04D53 /* Debug */ = {
			isa = XCBuildConfiguration;
			buildSettings = {
				ASSETCATALOG_COMPILER_APPICON_NAME = AppIcon;
				ASSETCATALOG_COMPILER_GLOBAL_ACCENT_COLOR_NAME = AccentColor;
				CODE_SIGN_STYLE = Automatic;
				CURRENT_PROJECT_VERSION = 1;
				GENERATE_INFOPLIST_FILE = YES;
				INFOPLIST_FILE = FlashCards/Info.plist;
				INFOPLIST_KEY_UIApplicationSupportsIndirectInputEvents = YES;
				INFOPLIST_KEY_UILaunchStoryboardName = LaunchScreen;
				INFOPLIST_KEY_UISupportedInterfaceOrientations_iPad = "UIInterfaceOrientationPortrait UIInterfaceOrientationPortraitUpsideDown UIInterfaceOrientationLandscapeLeft UIInterfaceOrientationLandscapeRight";
				INFOPLIST_KEY_UISupportedInterfaceOrientations_iPhone = "UIInterfaceOrientationPortrait UIInterfaceOrientationLandscapeLeft UIInterfaceOrientationLandscapeRight";
				LD_RUNPATH_SEARCH_PATHS = (
					"$(inherited)",
					"@executable_path/Frameworks",
				);
				MARKETING_VERSION = 1.0;
				PRODUCT_BUNDLE_IDENTIFIER = Mason.FlashCards;
				PRODUCT_NAME = "$(TARGET_NAME)";
				SWIFT_EMIT_LOC_STRINGS = YES;
				SWIFT_VERSION = 5.0;
				TARGETED_DEVICE_FAMILY = "1,2";
			};
			name = Debug;
		};
		96BE331D289D6BDB00A04D53 /* Release */ = {
			isa = XCBuildConfiguration;
			buildSettings = {
				ASSETCATALOG_COMPILER_APPICON_NAME = AppIcon;
				ASSETCATALOG_COMPILER_GLOBAL_ACCENT_COLOR_NAME = AccentColor;
				CODE_SIGN_STYLE = Automatic;
				CURRENT_PROJECT_VERSION = 1;
				GENERATE_INFOPLIST_FILE = YES;
				INFOPLIST_FILE = FlashCards/Info.plist;
				INFOPLIST_KEY_UIApplicationSupportsIndirectInputEvents = YES;
				INFOPLIST_KEY_UILaunchStoryboardName = LaunchScreen;
				INFOPLIST_KEY_UISupportedInterfaceOrientations_iPad = "UIInterfaceOrientationPortrait UIInterfaceOrientationPortraitUpsideDown UIInterfaceOrientationLandscapeLeft UIInterfaceOrientationLandscapeRight";
				INFOPLIST_KEY_UISupportedInterfaceOrientations_iPhone = "UIInterfaceOrientationPortrait UIInterfaceOrientationLandscapeLeft UIInterfaceOrientationLandscapeRight";
				LD_RUNPATH_SEARCH_PATHS = (
					"$(inherited)",
					"@executable_path/Frameworks",
				);
				MARKETING_VERSION = 1.0;
				PRODUCT_BUNDLE_IDENTIFIER = Mason.FlashCards;
				PRODUCT_NAME = "$(TARGET_NAME)";
				SWIFT_EMIT_LOC_STRINGS = YES;
				SWIFT_VERSION = 5.0;
				TARGETED_DEVICE_FAMILY = "1,2";
			};
			name = Release;
		};
		96BE331F289D6BDB00A04D53 /* Debug */ = {
			isa = XCBuildConfiguration;
			buildSettings = {
				ALWAYS_EMBED_SWIFT_STANDARD_LIBRARIES = YES;
				BUNDLE_LOADER = "$(TEST_HOST)";
				CODE_SIGN_STYLE = Automatic;
				CURRENT_PROJECT_VERSION = 1;
				GENERATE_INFOPLIST_FILE = YES;
				IPHONEOS_DEPLOYMENT_TARGET = 15.5;
				MARKETING_VERSION = 1.0;
				PRODUCT_BUNDLE_IDENTIFIER = Mason.FlashCardsTests;
				PRODUCT_NAME = "$(TARGET_NAME)";
				SWIFT_EMIT_LOC_STRINGS = NO;
				SWIFT_VERSION = 5.0;
				TARGETED_DEVICE_FAMILY = "1,2";
				TEST_HOST = "$(BUILT_PRODUCTS_DIR)/FlashCards.app/FlashCards";
			};
			name = Debug;
		};
		96BE3320289D6BDB00A04D53 /* Release */ = {
			isa = XCBuildConfiguration;
			buildSettings = {
				ALWAYS_EMBED_SWIFT_STANDARD_LIBRARIES = YES;
				BUNDLE_LOADER = "$(TEST_HOST)";
				CODE_SIGN_STYLE = Automatic;
				CURRENT_PROJECT_VERSION = 1;
				GENERATE_INFOPLIST_FILE = YES;
				IPHONEOS_DEPLOYMENT_TARGET = 15.5;
				MARKETING_VERSION = 1.0;
				PRODUCT_BUNDLE_IDENTIFIER = Mason.FlashCardsTests;
				PRODUCT_NAME = "$(TARGET_NAME)";
				SWIFT_EMIT_LOC_STRINGS = NO;
				SWIFT_VERSION = 5.0;
				TARGETED_DEVICE_FAMILY = "1,2";
				TEST_HOST = "$(BUILT_PRODUCTS_DIR)/FlashCards.app/FlashCards";
			};
			name = Release;
		};
		96BE3322289D6BDB00A04D53 /* Debug */ = {
			isa = XCBuildConfiguration;
			buildSettings = {
				ALWAYS_EMBED_SWIFT_STANDARD_LIBRARIES = YES;
				CODE_SIGN_STYLE = Automatic;
				CURRENT_PROJECT_VERSION = 1;
				GENERATE_INFOPLIST_FILE = YES;
				MARKETING_VERSION = 1.0;
				PRODUCT_BUNDLE_IDENTIFIER = Mason.FlashCardsUITests;
				PRODUCT_NAME = "$(TARGET_NAME)";
				SWIFT_EMIT_LOC_STRINGS = NO;
				SWIFT_VERSION = 5.0;
				TARGETED_DEVICE_FAMILY = "1,2";
				TEST_TARGET_NAME = FlashCards;
			};
			name = Debug;
		};
		96BE3323289D6BDB00A04D53 /* Release */ = {
			isa = XCBuildConfiguration;
			buildSettings = {
				ALWAYS_EMBED_SWIFT_STANDARD_LIBRARIES = YES;
				CODE_SIGN_STYLE = Automatic;
				CURRENT_PROJECT_VERSION = 1;
				GENERATE_INFOPLIST_FILE = YES;
				MARKETING_VERSION = 1.0;
				PRODUCT_BUNDLE_IDENTIFIER = Mason.FlashCardsUITests;
				PRODUCT_NAME = "$(TARGET_NAME)";
				SWIFT_EMIT_LOC_STRINGS = NO;
				SWIFT_VERSION = 5.0;
				TARGETED_DEVICE_FAMILY = "1,2";
				TEST_TARGET_NAME = FlashCards;
			};
			name = Release;
		};
/* End XCBuildConfiguration section */

/* Begin XCConfigurationList section */
		96BE32E9289D6BD900A04D53 /* Build configuration list for PBXProject "FlashCards" */ = {
			isa = XCConfigurationList;
			buildConfigurations = (
				96BE3319289D6BDB00A04D53 /* Debug */,
				96BE331A289D6BDB00A04D53 /* Release */,
			);
			defaultConfigurationIsVisible = 0;
			defaultConfigurationName = Release;
		};
		96BE331B289D6BDB00A04D53 /* Build configuration list for PBXNativeTarget "FlashCards" */ = {
			isa = XCConfigurationList;
			buildConfigurations = (
				96BE331C289D6BDB00A04D53 /* Debug */,
				96BE331D289D6BDB00A04D53 /* Release */,
			);
			defaultConfigurationIsVisible = 0;
			defaultConfigurationName = Release;
		};
		96BE331E289D6BDB00A04D53 /* Build configuration list for PBXNativeTarget "FlashCardsTests" */ = {
			isa = XCConfigurationList;
			buildConfigurations = (
				96BE331F289D6BDB00A04D53 /* Debug */,
				96BE3320289D6BDB00A04D53 /* Release */,
			);
			defaultConfigurationIsVisible = 0;
			defaultConfigurationName = Release;
		};
		96BE3321289D6BDB00A04D53 /* Build configuration list for PBXNativeTarget "FlashCardsUITests" */ = {
			isa = XCConfigurationList;
			buildConfigurations = (
				96BE3322289D6BDB00A04D53 /* Debug */,
				96BE3323289D6BDB00A04D53 /* Release */,
			);
			defaultConfigurationIsVisible = 0;
			defaultConfigurationName = Release;
		};
/* End XCConfigurationList section */

/* Begin XCVersionGroup section */
		96BE32FA289D6BD900A04D53 /* FlashCards.xcdatamodeld */ = {
			isa = XCVersionGroup;
			children = (
				96BE32FB289D6BD900A04D53 /* FlashCards.xcdatamodel */,
			);
			currentVersion = 96BE32FB289D6BD900A04D53 /* FlashCards.xcdatamodel */;
			path = FlashCards.xcdatamodeld;
			sourceTree = "<group>";
			versionGroupType = wrapper.xcdatamodel;
		};
/* End XCVersionGroup section */
	};
	rootObject = 96BE32E6289D6BD900A04D53 /* Project object */;
}
