// !$*UTF8*$!
{
	archiveVersion = 1;
	classes = {
	};
	objectVersion = 55;
	objects = {

/* Begin PBXBuildFile section */
		9631CE4D2898811500F5DAA2 /* AppDelegate.swift in Sources */ = {isa = PBXBuildFile; fileRef = 9631CE4C2898811500F5DAA2 /* AppDelegate.swift */; };
		9631CE4F2898811500F5DAA2 /* SceneDelegate.swift in Sources */ = {isa = PBXBuildFile; fileRef = 9631CE4E2898811500F5DAA2 /* SceneDelegate.swift */; };
		9631CE512898811500F5DAA2 /* RootViewController.swift in Sources */ = {isa = PBXBuildFile; fileRef = 9631CE502898811500F5DAA2 /* RootViewController.swift */; };
		9631CE542898811500F5DAA2 /* Main.storyboard in Resources */ = {isa = PBXBuildFile; fileRef = 9631CE522898811500F5DAA2 /* Main.storyboard */; };
		9631CE572898811500F5DAA2 /* FlashCards.xcdatamodeld in Sources */ = {isa = PBXBuildFile; fileRef = 9631CE552898811500F5DAA2 /* FlashCards.xcdatamodeld */; };
		9631CE592898811700F5DAA2 /* Assets.xcassets in Resources */ = {isa = PBXBuildFile; fileRef = 9631CE582898811700F5DAA2 /* Assets.xcassets */; };
		9631CE5C2898811700F5DAA2 /* LaunchScreen.storyboard in Resources */ = {isa = PBXBuildFile; fileRef = 9631CE5A2898811700F5DAA2 /* LaunchScreen.storyboard */; };
		9631CE672898811700F5DAA2 /* FlashCardsTests.swift in Sources */ = {isa = PBXBuildFile; fileRef = 9631CE662898811700F5DAA2 /* FlashCardsTests.swift */; };
		9631CE712898811700F5DAA2 /* FlashCardsUITests.swift in Sources */ = {isa = PBXBuildFile; fileRef = 9631CE702898811700F5DAA2 /* FlashCardsUITests.swift */; };
		9631CE732898811700F5DAA2 /* FlashCardsUITestsLaunchTests.swift in Sources */ = {isa = PBXBuildFile; fileRef = 9631CE722898811700F5DAA2 /* FlashCardsUITestsLaunchTests.swift */; };
		9631CE83289883D900F5DAA2 /* StudyDeckListViewController.swift in Sources */ = {isa = PBXBuildFile; fileRef = 9631CE82289883D900F5DAA2 /* StudyDeckListViewController.swift */; };
		9631CE852898841900F5DAA2 /* ContentPackListViewController.swift in Sources */ = {isa = PBXBuildFile; fileRef = 9631CE842898841900F5DAA2 /* ContentPackListViewController.swift */; };
		9631CE8828988FA500F5DAA2 /* FlashCardService.swift in Sources */ = {isa = PBXBuildFile; fileRef = 9631CE8728988FA500F5DAA2 /* FlashCardService.swift */; };
		9631CE8A2898900400F5DAA2 /* CoreDataFlashCardService.swift in Sources */ = {isa = PBXBuildFile; fileRef = 9631CE892898900400F5DAA2 /* CoreDataFlashCardService.swift */; };
		9631CE9428989A7B00F5DAA2 /* Card.swift in Sources */ = {isa = PBXBuildFile; fileRef = 9631CE8C28989A7B00F5DAA2 /* Card.swift */; };
		9631CE9528989A7B00F5DAA2 /* Card+CoreDataProperties.swift in Sources */ = {isa = PBXBuildFile; fileRef = 9631CE8D28989A7B00F5DAA2 /* Card+CoreDataProperties.swift */; };
		9631CE9628989A7B00F5DAA2 /* Deck.swift in Sources */ = {isa = PBXBuildFile; fileRef = 9631CE8E28989A7B00F5DAA2 /* Deck.swift */; };
		9631CE9728989A7B00F5DAA2 /* Deck+CoreDataProperties.swift in Sources */ = {isa = PBXBuildFile; fileRef = 9631CE8F28989A7B00F5DAA2 /* Deck+CoreDataProperties.swift */; };
		9631CE9828989A7B00F5DAA2 /* ContentPack.swift in Sources */ = {isa = PBXBuildFile; fileRef = 9631CE9028989A7B00F5DAA2 /* ContentPack.swift */; };
		9631CE9928989A7B00F5DAA2 /* ContentPack+CoreDataProperties.swift in Sources */ = {isa = PBXBuildFile; fileRef = 9631CE9128989A7B00F5DAA2 /* ContentPack+CoreDataProperties.swift */; };
		9631CE9E28989DC700F5DAA2 /* StudyRecord.swift in Sources */ = {isa = PBXBuildFile; fileRef = 9631CE9C28989DC700F5DAA2 /* StudyRecord.swift */; };
		9631CE9F28989DC700F5DAA2 /* StudyRecord+CoreDataProperties.swift in Sources */ = {isa = PBXBuildFile; fileRef = 9631CE9D28989DC700F5DAA2 /* StudyRecord+CoreDataProperties.swift */; };
/* End PBXBuildFile section */

/* Begin PBXContainerItemProxy section */
		9631CE632898811700F5DAA2 /* PBXContainerItemProxy */ = {
			isa = PBXContainerItemProxy;
			containerPortal = 9631CE412898811500F5DAA2 /* Project object */;
			proxyType = 1;
			remoteGlobalIDString = 9631CE482898811500F5DAA2;
			remoteInfo = FlashCards;
		};
		9631CE6D2898811700F5DAA2 /* PBXContainerItemProxy */ = {
			isa = PBXContainerItemProxy;
			containerPortal = 9631CE412898811500F5DAA2 /* Project object */;
			proxyType = 1;
			remoteGlobalIDString = 9631CE482898811500F5DAA2;
			remoteInfo = FlashCards;
		};
/* End PBXContainerItemProxy section */

/* Begin PBXFileReference section */
		9631CE492898811500F5DAA2 /* FlashCards.app */ = {isa = PBXFileReference; explicitFileType = wrapper.application; includeInIndex = 0; path = FlashCards.app; sourceTree = BUILT_PRODUCTS_DIR; };
		9631CE4C2898811500F5DAA2 /* AppDelegate.swift */ = {isa = PBXFileReference; lastKnownFileType = sourcecode.swift; path = AppDelegate.swift; sourceTree = "<group>"; };
		9631CE4E2898811500F5DAA2 /* SceneDelegate.swift */ = {isa = PBXFileReference; lastKnownFileType = sourcecode.swift; path = SceneDelegate.swift; sourceTree = "<group>"; };
		9631CE502898811500F5DAA2 /* RootViewController.swift */ = {isa = PBXFileReference; lastKnownFileType = sourcecode.swift; path = RootViewController.swift; sourceTree = "<group>"; };
		9631CE532898811500F5DAA2 /* Base */ = {isa = PBXFileReference; lastKnownFileType = file.storyboard; name = Base; path = Base.lproj/Main.storyboard; sourceTree = "<group>"; };
		9631CE562898811500F5DAA2 /* FlashCards.xcdatamodel */ = {isa = PBXFileReference; lastKnownFileType = wrapper.xcdatamodel; path = FlashCards.xcdatamodel; sourceTree = "<group>"; };
		9631CE582898811700F5DAA2 /* Assets.xcassets */ = {isa = PBXFileReference; lastKnownFileType = folder.assetcatalog; path = Assets.xcassets; sourceTree = "<group>"; };
		9631CE5B2898811700F5DAA2 /* Base */ = {isa = PBXFileReference; lastKnownFileType = file.storyboard; name = Base; path = Base.lproj/LaunchScreen.storyboard; sourceTree = "<group>"; };
		9631CE5D2898811700F5DAA2 /* Info.plist */ = {isa = PBXFileReference; lastKnownFileType = text.plist.xml; path = Info.plist; sourceTree = "<group>"; };
		9631CE622898811700F5DAA2 /* FlashCardsTests.xctest */ = {isa = PBXFileReference; explicitFileType = wrapper.cfbundle; includeInIndex = 0; path = FlashCardsTests.xctest; sourceTree = BUILT_PRODUCTS_DIR; };
		9631CE662898811700F5DAA2 /* FlashCardsTests.swift */ = {isa = PBXFileReference; lastKnownFileType = sourcecode.swift; path = FlashCardsTests.swift; sourceTree = "<group>"; };
		9631CE6C2898811700F5DAA2 /* FlashCardsUITests.xctest */ = {isa = PBXFileReference; explicitFileType = wrapper.cfbundle; includeInIndex = 0; path = FlashCardsUITests.xctest; sourceTree = BUILT_PRODUCTS_DIR; };
		9631CE702898811700F5DAA2 /* FlashCardsUITests.swift */ = {isa = PBXFileReference; lastKnownFileType = sourcecode.swift; path = FlashCardsUITests.swift; sourceTree = "<group>"; };
		9631CE722898811700F5DAA2 /* FlashCardsUITestsLaunchTests.swift */ = {isa = PBXFileReference; lastKnownFileType = sourcecode.swift; path = FlashCardsUITestsLaunchTests.swift; sourceTree = "<group>"; };
		9631CE82289883D900F5DAA2 /* StudyDeckListViewController.swift */ = {isa = PBXFileReference; lastKnownFileType = sourcecode.swift; path = StudyDeckListViewController.swift; sourceTree = "<group>"; };
		9631CE842898841900F5DAA2 /* ContentPackListViewController.swift */ = {isa = PBXFileReference; lastKnownFileType = sourcecode.swift; path = ContentPackListViewController.swift; sourceTree = "<group>"; };
		9631CE8728988FA500F5DAA2 /* FlashCardService.swift */ = {isa = PBXFileReference; lastKnownFileType = sourcecode.swift; path = FlashCardService.swift; sourceTree = "<group>"; };
		9631CE892898900400F5DAA2 /* CoreDataFlashCardService.swift */ = {isa = PBXFileReference; lastKnownFileType = sourcecode.swift; path = CoreDataFlashCardService.swift; sourceTree = "<group>"; };
		9631CE8C28989A7B00F5DAA2 /* Card.swift */ = {isa = PBXFileReference; lastKnownFileType = sourcecode.swift; path = Card.swift; sourceTree = "<group>"; };
		9631CE8D28989A7B00F5DAA2 /* Card+CoreDataProperties.swift */ = {isa = PBXFileReference; lastKnownFileType = sourcecode.swift; path = "Card+CoreDataProperties.swift"; sourceTree = "<group>"; };
		9631CE8E28989A7B00F5DAA2 /* Deck.swift */ = {isa = PBXFileReference; lastKnownFileType = sourcecode.swift; path = Deck.swift; sourceTree = "<group>"; };
		9631CE8F28989A7B00F5DAA2 /* Deck+CoreDataProperties.swift */ = {isa = PBXFileReference; lastKnownFileType = sourcecode.swift; path = "Deck+CoreDataProperties.swift"; sourceTree = "<group>"; };
		9631CE9028989A7B00F5DAA2 /* ContentPack.swift */ = {isa = PBXFileReference; lastKnownFileType = sourcecode.swift; path = ContentPack.swift; sourceTree = "<group>"; };
		9631CE9128989A7B00F5DAA2 /* ContentPack+CoreDataProperties.swift */ = {isa = PBXFileReference; lastKnownFileType = sourcecode.swift; path = "ContentPack+CoreDataProperties.swift"; sourceTree = "<group>"; };
		9631CE9C28989DC700F5DAA2 /* StudyRecord.swift */ = {isa = PBXFileReference; lastKnownFileType = sourcecode.swift; name = StudyRecord.swift; path = ../../StudyRecord.swift; sourceTree = "<group>"; };
		9631CE9D28989DC700F5DAA2 /* StudyRecord+CoreDataProperties.swift */ = {isa = PBXFileReference; lastKnownFileType = sourcecode.swift; name = "StudyRecord+CoreDataProperties.swift"; path = "../../StudyRecord+CoreDataProperties.swift"; sourceTree = "<group>"; };
/* End PBXFileReference section */

/* Begin PBXFrameworksBuildPhase section */
		9631CE462898811500F5DAA2 /* Frameworks */ = {
			isa = PBXFrameworksBuildPhase;
			buildActionMask = 2147483647;
			files = (
			);
			runOnlyForDeploymentPostprocessing = 0;
		};
		9631CE5F2898811700F5DAA2 /* Frameworks */ = {
			isa = PBXFrameworksBuildPhase;
			buildActionMask = 2147483647;
			files = (
			);
			runOnlyForDeploymentPostprocessing = 0;
		};
		9631CE692898811700F5DAA2 /* Frameworks */ = {
			isa = PBXFrameworksBuildPhase;
			buildActionMask = 2147483647;
			files = (
			);
			runOnlyForDeploymentPostprocessing = 0;
		};
/* End PBXFrameworksBuildPhase section */

/* Begin PBXGroup section */
		9631CE402898811500F5DAA2 = {
			isa = PBXGroup;
			children = (
				9631CE4B2898811500F5DAA2 /* FlashCards */,
				9631CE652898811700F5DAA2 /* FlashCardsTests */,
				9631CE6F2898811700F5DAA2 /* FlashCardsUITests */,
				9631CE4A2898811500F5DAA2 /* Products */,
			);
			sourceTree = "<group>";
		};
		9631CE4A2898811500F5DAA2 /* Products */ = {
			isa = PBXGroup;
			children = (
				9631CE492898811500F5DAA2 /* FlashCards.app */,
				9631CE622898811700F5DAA2 /* FlashCardsTests.xctest */,
				9631CE6C2898811700F5DAA2 /* FlashCardsUITests.xctest */,
			);
			name = Products;
			sourceTree = "<group>";
		};
		9631CE4B2898811500F5DAA2 /* FlashCards */ = {
			isa = PBXGroup;
			children = (
				9631CE8B28989A5E00F5DAA2 /* Model */,
				9631CE8628988F9600F5DAA2 /* Service */,
				9631CE802898812D00F5DAA2 /* Controller */,
				9631CE812898813700F5DAA2 /* Resources */,
				9631CE5D2898811700F5DAA2 /* Info.plist */,
			);
			path = FlashCards;
			sourceTree = "<group>";
		};
		9631CE652898811700F5DAA2 /* FlashCardsTests */ = {
			isa = PBXGroup;
			children = (
				9631CE662898811700F5DAA2 /* FlashCardsTests.swift */,
			);
			path = FlashCardsTests;
			sourceTree = "<group>";
		};
		9631CE6F2898811700F5DAA2 /* FlashCardsUITests */ = {
			isa = PBXGroup;
			children = (
				9631CE702898811700F5DAA2 /* FlashCardsUITests.swift */,
				9631CE722898811700F5DAA2 /* FlashCardsUITestsLaunchTests.swift */,
			);
			path = FlashCardsUITests;
			sourceTree = "<group>";
		};
		9631CE802898812D00F5DAA2 /* Controller */ = {
			isa = PBXGroup;
			children = (
				9631CE4C2898811500F5DAA2 /* AppDelegate.swift */,
				9631CE4E2898811500F5DAA2 /* SceneDelegate.swift */,
				9631CE502898811500F5DAA2 /* RootViewController.swift */,
				9631CE82289883D900F5DAA2 /* StudyDeckListViewController.swift */,
				9631CE842898841900F5DAA2 /* ContentPackListViewController.swift */,
			);
			path = Controller;
			sourceTree = "<group>";
		};
		9631CE812898813700F5DAA2 /* Resources */ = {
			isa = PBXGroup;
			children = (
				9631CE552898811500F5DAA2 /* FlashCards.xcdatamodeld */,
				9631CE522898811500F5DAA2 /* Main.storyboard */,
				9631CE582898811700F5DAA2 /* Assets.xcassets */,
				9631CE5A2898811700F5DAA2 /* LaunchScreen.storyboard */,
			);
			path = Resources;
			sourceTree = "<group>";
		};
		9631CE8628988F9600F5DAA2 /* Service */ = {
			isa = PBXGroup;
			children = (
				9631CE8728988FA500F5DAA2 /* FlashCardService.swift */,
				9631CE892898900400F5DAA2 /* CoreDataFlashCardService.swift */,
			);
			path = Service;
			sourceTree = "<group>";
		};
		9631CE8B28989A5E00F5DAA2 /* Model */ = {
			isa = PBXGroup;
			children = (
				9631CE8C28989A7B00F5DAA2 /* Card.swift */,
				9631CE8D28989A7B00F5DAA2 /* Card+CoreDataProperties.swift */,
				9631CE8E28989A7B00F5DAA2 /* Deck.swift */,
				9631CE8F28989A7B00F5DAA2 /* Deck+CoreDataProperties.swift */,
				9631CE9028989A7B00F5DAA2 /* ContentPack.swift */,
				9631CE9128989A7B00F5DAA2 /* ContentPack+CoreDataProperties.swift */,
				9631CE9C28989DC700F5DAA2 /* StudyRecord.swift */,
				9631CE9D28989DC700F5DAA2 /* StudyRecord+CoreDataProperties.swift */,
			);
			path = Model;
			sourceTree = "<group>";
		};
/* End PBXGroup section */

/* Begin PBXNativeTarget section */
		9631CE482898811500F5DAA2 /* FlashCards */ = {
			isa = PBXNativeTarget;
			buildConfigurationList = 9631CE762898811700F5DAA2 /* Build configuration list for PBXNativeTarget "FlashCards" */;
			buildPhases = (
				9631CE452898811500F5DAA2 /* Sources */,
				9631CE462898811500F5DAA2 /* Frameworks */,
				9631CE472898811500F5DAA2 /* Resources */,
			);
			buildRules = (
			);
			dependencies = (
			);
			name = FlashCards;
			productName = FlashCards;
			productReference = 9631CE492898811500F5DAA2 /* FlashCards.app */;
			productType = "com.apple.product-type.application";
		};
		9631CE612898811700F5DAA2 /* FlashCardsTests */ = {
			isa = PBXNativeTarget;
			buildConfigurationList = 9631CE792898811700F5DAA2 /* Build configuration list for PBXNativeTarget "FlashCardsTests" */;
			buildPhases = (
				9631CE5E2898811700F5DAA2 /* Sources */,
				9631CE5F2898811700F5DAA2 /* Frameworks */,
				9631CE602898811700F5DAA2 /* Resources */,
			);
			buildRules = (
			);
			dependencies = (
				9631CE642898811700F5DAA2 /* PBXTargetDependency */,
			);
			name = FlashCardsTests;
			productName = FlashCardsTests;
			productReference = 9631CE622898811700F5DAA2 /* FlashCardsTests.xctest */;
			productType = "com.apple.product-type.bundle.unit-test";
		};
		9631CE6B2898811700F5DAA2 /* FlashCardsUITests */ = {
			isa = PBXNativeTarget;
			buildConfigurationList = 9631CE7C2898811700F5DAA2 /* Build configuration list for PBXNativeTarget "FlashCardsUITests" */;
			buildPhases = (
				9631CE682898811700F5DAA2 /* Sources */,
				9631CE692898811700F5DAA2 /* Frameworks */,
				9631CE6A2898811700F5DAA2 /* Resources */,
			);
			buildRules = (
			);
			dependencies = (
				9631CE6E2898811700F5DAA2 /* PBXTargetDependency */,
			);
			name = FlashCardsUITests;
			productName = FlashCardsUITests;
			productReference = 9631CE6C2898811700F5DAA2 /* FlashCardsUITests.xctest */;
			productType = "com.apple.product-type.bundle.ui-testing";
		};
/* End PBXNativeTarget section */

/* Begin PBXProject section */
		9631CE412898811500F5DAA2 /* Project object */ = {
			isa = PBXProject;
			attributes = {
				BuildIndependentTargetsInParallel = 1;
				LastSwiftUpdateCheck = 1340;
				LastUpgradeCheck = 1340;
				TargetAttributes = {
					9631CE482898811500F5DAA2 = {
						CreatedOnToolsVersion = 13.4.1;
					};
					9631CE612898811700F5DAA2 = {
						CreatedOnToolsVersion = 13.4.1;
						TestTargetID = 9631CE482898811500F5DAA2;
					};
					9631CE6B2898811700F5DAA2 = {
						CreatedOnToolsVersion = 13.4.1;
						TestTargetID = 9631CE482898811500F5DAA2;
					};
				};
			};
			buildConfigurationList = 9631CE442898811500F5DAA2 /* Build configuration list for PBXProject "FlashCards" */;
			compatibilityVersion = "Xcode 13.0";
			developmentRegion = en;
			hasScannedForEncodings = 0;
			knownRegions = (
				en,
				Base,
			);
			mainGroup = 9631CE402898811500F5DAA2;
			productRefGroup = 9631CE4A2898811500F5DAA2 /* Products */;
			projectDirPath = "";
			projectRoot = "";
			targets = (
				9631CE482898811500F5DAA2 /* FlashCards */,
				9631CE612898811700F5DAA2 /* FlashCardsTests */,
				9631CE6B2898811700F5DAA2 /* FlashCardsUITests */,
			);
		};
/* End PBXProject section */

/* Begin PBXResourcesBuildPhase section */
		9631CE472898811500F5DAA2 /* Resources */ = {
			isa = PBXResourcesBuildPhase;
			buildActionMask = 2147483647;
			files = (
				9631CE5C2898811700F5DAA2 /* LaunchScreen.storyboard in Resources */,
				9631CE592898811700F5DAA2 /* Assets.xcassets in Resources */,
				9631CE542898811500F5DAA2 /* Main.storyboard in Resources */,
			);
			runOnlyForDeploymentPostprocessing = 0;
		};
		9631CE602898811700F5DAA2 /* Resources */ = {
			isa = PBXResourcesBuildPhase;
			buildActionMask = 2147483647;
			files = (
			);
			runOnlyForDeploymentPostprocessing = 0;
		};
		9631CE6A2898811700F5DAA2 /* Resources */ = {
			isa = PBXResourcesBuildPhase;
			buildActionMask = 2147483647;
			files = (
			);
			runOnlyForDeploymentPostprocessing = 0;
		};
/* End PBXResourcesBuildPhase section */

/* Begin PBXSourcesBuildPhase section */
		9631CE452898811500F5DAA2 /* Sources */ = {
			isa = PBXSourcesBuildPhase;
			buildActionMask = 2147483647;
			files = (
				9631CE9428989A7B00F5DAA2 /* Card.swift in Sources */,
				9631CE9528989A7B00F5DAA2 /* Card+CoreDataProperties.swift in Sources */,
				9631CE9628989A7B00F5DAA2 /* Deck.swift in Sources */,
				9631CE512898811500F5DAA2 /* RootViewController.swift in Sources */,
				9631CE9828989A7B00F5DAA2 /* ContentPack.swift in Sources */,
				9631CE9E28989DC700F5DAA2 /* StudyRecord.swift in Sources */,
				9631CE852898841900F5DAA2 /* ContentPackListViewController.swift in Sources */,
				9631CE4D2898811500F5DAA2 /* AppDelegate.swift in Sources */,
				9631CE572898811500F5DAA2 /* FlashCards.xcdatamodeld in Sources */,
				9631CE83289883D900F5DAA2 /* StudyDeckListViewController.swift in Sources */,
				9631CE8A2898900400F5DAA2 /* CoreDataFlashCardService.swift in Sources */,
				9631CE4F2898811500F5DAA2 /* SceneDelegate.swift in Sources */,
				9631CE9F28989DC700F5DAA2 /* StudyRecord+CoreDataProperties.swift in Sources */,
				9631CE9728989A7B00F5DAA2 /* Deck+CoreDataProperties.swift in Sources */,
				9631CE9928989A7B00F5DAA2 /* ContentPack+CoreDataProperties.swift in Sources */,
				9631CE8828988FA500F5DAA2 /* FlashCardService.swift in Sources */,
			);
			runOnlyForDeploymentPostprocessing = 0;
		};
		9631CE5E2898811700F5DAA2 /* Sources */ = {
			isa = PBXSourcesBuildPhase;
			buildActionMask = 2147483647;
			files = (
				9631CE672898811700F5DAA2 /* FlashCardsTests.swift in Sources */,
			);
			runOnlyForDeploymentPostprocessing = 0;
		};
		9631CE682898811700F5DAA2 /* Sources */ = {
			isa = PBXSourcesBuildPhase;
			buildActionMask = 2147483647;
			files = (
				9631CE712898811700F5DAA2 /* FlashCardsUITests.swift in Sources */,
				9631CE732898811700F5DAA2 /* FlashCardsUITestsLaunchTests.swift in Sources */,
			);
			runOnlyForDeploymentPostprocessing = 0;
		};
/* End PBXSourcesBuildPhase section */

/* Begin PBXTargetDependency section */
		9631CE642898811700F5DAA2 /* PBXTargetDependency */ = {
			isa = PBXTargetDependency;
			target = 9631CE482898811500F5DAA2 /* FlashCards */;
			targetProxy = 9631CE632898811700F5DAA2 /* PBXContainerItemProxy */;
		};
		9631CE6E2898811700F5DAA2 /* PBXTargetDependency */ = {
			isa = PBXTargetDependency;
			target = 9631CE482898811500F5DAA2 /* FlashCards */;
			targetProxy = 9631CE6D2898811700F5DAA2 /* PBXContainerItemProxy */;
		};
/* End PBXTargetDependency section */

/* Begin PBXVariantGroup section */
		9631CE522898811500F5DAA2 /* Main.storyboard */ = {
			isa = PBXVariantGroup;
			children = (
				9631CE532898811500F5DAA2 /* Base */,
			);
			name = Main.storyboard;
			sourceTree = "<group>";
		};
		9631CE5A2898811700F5DAA2 /* LaunchScreen.storyboard */ = {
			isa = PBXVariantGroup;
			children = (
				9631CE5B2898811700F5DAA2 /* Base */,
			);
			name = LaunchScreen.storyboard;
			sourceTree = "<group>";
		};
/* End PBXVariantGroup section */

/* Begin XCBuildConfiguration section */
		9631CE742898811700F5DAA2 /* Debug */ = {
			isa = XCBuildConfiguration;
			buildSettings = {
				ALWAYS_SEARCH_USER_PATHS = NO;
				CLANG_ANALYZER_NONNULL = YES;
				CLANG_ANALYZER_NUMBER_OBJECT_CONVERSION = YES_AGGRESSIVE;
				CLANG_CXX_LANGUAGE_STANDARD = "gnu++17";
				CLANG_ENABLE_MODULES = YES;
				CLANG_ENABLE_OBJC_ARC = YES;
				CLANG_ENABLE_OBJC_WEAK = YES;
				CLANG_WARN_BLOCK_CAPTURE_AUTORELEASING = YES;
				CLANG_WARN_BOOL_CONVERSION = YES;
				CLANG_WARN_COMMA = YES;
				CLANG_WARN_CONSTANT_CONVERSION = YES;
				CLANG_WARN_DEPRECATED_OBJC_IMPLEMENTATIONS = YES;
				CLANG_WARN_DIRECT_OBJC_ISA_USAGE = YES_ERROR;
				CLANG_WARN_DOCUMENTATION_COMMENTS = YES;
				CLANG_WARN_EMPTY_BODY = YES;
				CLANG_WARN_ENUM_CONVERSION = YES;
				CLANG_WARN_INFINITE_RECURSION = YES;
				CLANG_WARN_INT_CONVERSION = YES;
				CLANG_WARN_NON_LITERAL_NULL_CONVERSION = YES;
				CLANG_WARN_OBJC_IMPLICIT_RETAIN_SELF = YES;
				CLANG_WARN_OBJC_LITERAL_CONVERSION = YES;
				CLANG_WARN_OBJC_ROOT_CLASS = YES_ERROR;
				CLANG_WARN_QUOTED_INCLUDE_IN_FRAMEWORK_HEADER = YES;
				CLANG_WARN_RANGE_LOOP_ANALYSIS = YES;
				CLANG_WARN_STRICT_PROTOTYPES = YES;
				CLANG_WARN_SUSPICIOUS_MOVE = YES;
				CLANG_WARN_UNGUARDED_AVAILABILITY = YES_AGGRESSIVE;
				CLANG_WARN_UNREACHABLE_CODE = YES;
				CLANG_WARN__DUPLICATE_METHOD_MATCH = YES;
				COPY_PHASE_STRIP = NO;
				DEBUG_INFORMATION_FORMAT = dwarf;
				ENABLE_STRICT_OBJC_MSGSEND = YES;
				ENABLE_TESTABILITY = YES;
				GCC_C_LANGUAGE_STANDARD = gnu11;
				GCC_DYNAMIC_NO_PIC = NO;
				GCC_NO_COMMON_BLOCKS = YES;
				GCC_OPTIMIZATION_LEVEL = 0;
				GCC_PREPROCESSOR_DEFINITIONS = (
					"DEBUG=1",
					"$(inherited)",
				);
				GCC_WARN_64_TO_32_BIT_CONVERSION = YES;
				GCC_WARN_ABOUT_RETURN_TYPE = YES_ERROR;
				GCC_WARN_UNDECLARED_SELECTOR = YES;
				GCC_WARN_UNINITIALIZED_AUTOS = YES_AGGRESSIVE;
				GCC_WARN_UNUSED_FUNCTION = YES;
				GCC_WARN_UNUSED_VARIABLE = YES;
				IPHONEOS_DEPLOYMENT_TARGET = 15.5;
				MTL_ENABLE_DEBUG_INFO = INCLUDE_SOURCE;
				MTL_FAST_MATH = YES;
				ONLY_ACTIVE_ARCH = YES;
				SDKROOT = iphoneos;
				SWIFT_ACTIVE_COMPILATION_CONDITIONS = DEBUG;
				SWIFT_OPTIMIZATION_LEVEL = "-Onone";
			};
			name = Debug;
		};
		9631CE752898811700F5DAA2 /* Release */ = {
			isa = XCBuildConfiguration;
			buildSettings = {
				ALWAYS_SEARCH_USER_PATHS = NO;
				CLANG_ANALYZER_NONNULL = YES;
				CLANG_ANALYZER_NUMBER_OBJECT_CONVERSION = YES_AGGRESSIVE;
				CLANG_CXX_LANGUAGE_STANDARD = "gnu++17";
				CLANG_ENABLE_MODULES = YES;
				CLANG_ENABLE_OBJC_ARC = YES;
				CLANG_ENABLE_OBJC_WEAK = YES;
				CLANG_WARN_BLOCK_CAPTURE_AUTORELEASING = YES;
				CLANG_WARN_BOOL_CONVERSION = YES;
				CLANG_WARN_COMMA = YES;
				CLANG_WARN_CONSTANT_CONVERSION = YES;
				CLANG_WARN_DEPRECATED_OBJC_IMPLEMENTATIONS = YES;
				CLANG_WARN_DIRECT_OBJC_ISA_USAGE = YES_ERROR;
				CLANG_WARN_DOCUMENTATION_COMMENTS = YES;
				CLANG_WARN_EMPTY_BODY = YES;
				CLANG_WARN_ENUM_CONVERSION = YES;
				CLANG_WARN_INFINITE_RECURSION = YES;
				CLANG_WARN_INT_CONVERSION = YES;
				CLANG_WARN_NON_LITERAL_NULL_CONVERSION = YES;
				CLANG_WARN_OBJC_IMPLICIT_RETAIN_SELF = YES;
				CLANG_WARN_OBJC_LITERAL_CONVERSION = YES;
				CLANG_WARN_OBJC_ROOT_CLASS = YES_ERROR;
				CLANG_WARN_QUOTED_INCLUDE_IN_FRAMEWORK_HEADER = YES;
				CLANG_WARN_RANGE_LOOP_ANALYSIS = YES;
				CLANG_WARN_STRICT_PROTOTYPES = YES;
				CLANG_WARN_SUSPICIOUS_MOVE = YES;
				CLANG_WARN_UNGUARDED_AVAILABILITY = YES_AGGRESSIVE;
				CLANG_WARN_UNREACHABLE_CODE = YES;
				CLANG_WARN__DUPLICATE_METHOD_MATCH = YES;
				COPY_PHASE_STRIP = NO;
				DEBUG_INFORMATION_FORMAT = "dwarf-with-dsym";
				ENABLE_NS_ASSERTIONS = NO;
				ENABLE_STRICT_OBJC_MSGSEND = YES;
				GCC_C_LANGUAGE_STANDARD = gnu11;
				GCC_NO_COMMON_BLOCKS = YES;
				GCC_WARN_64_TO_32_BIT_CONVERSION = YES;
				GCC_WARN_ABOUT_RETURN_TYPE = YES_ERROR;
				GCC_WARN_UNDECLARED_SELECTOR = YES;
				GCC_WARN_UNINITIALIZED_AUTOS = YES_AGGRESSIVE;
				GCC_WARN_UNUSED_FUNCTION = YES;
				GCC_WARN_UNUSED_VARIABLE = YES;
				IPHONEOS_DEPLOYMENT_TARGET = 15.5;
				MTL_ENABLE_DEBUG_INFO = NO;
				MTL_FAST_MATH = YES;
				SDKROOT = iphoneos;
				SWIFT_COMPILATION_MODE = wholemodule;
				SWIFT_OPTIMIZATION_LEVEL = "-O";
				VALIDATE_PRODUCT = YES;
			};
			name = Release;
		};
		9631CE772898811700F5DAA2 /* Debug */ = {
			isa = XCBuildConfiguration;
			buildSettings = {
				ASSETCATALOG_COMPILER_APPICON_NAME = AppIcon;
				ASSETCATALOG_COMPILER_GLOBAL_ACCENT_COLOR_NAME = AccentColor;
				CODE_SIGN_STYLE = Automatic;
				CURRENT_PROJECT_VERSION = 1;
				GENERATE_INFOPLIST_FILE = YES;
				INFOPLIST_FILE = FlashCards/Info.plist;
				INFOPLIST_KEY_UIApplicationSupportsIndirectInputEvents = YES;
				INFOPLIST_KEY_UILaunchStoryboardName = LaunchScreen;
				INFOPLIST_KEY_UIMainStoryboardFile = Main;
				INFOPLIST_KEY_UISupportedInterfaceOrientations_iPad = "UIInterfaceOrientationPortrait UIInterfaceOrientationPortraitUpsideDown UIInterfaceOrientationLandscapeLeft UIInterfaceOrientationLandscapeRight";
				INFOPLIST_KEY_UISupportedInterfaceOrientations_iPhone = "UIInterfaceOrientationPortrait UIInterfaceOrientationLandscapeLeft UIInterfaceOrientationLandscapeRight";
				LD_RUNPATH_SEARCH_PATHS = (
					"$(inherited)",
					"@executable_path/Frameworks",
				);
				MARKETING_VERSION = 1.0;
				PRODUCT_BUNDLE_IDENTIFIER = Mason.FlashCards;
				PRODUCT_NAME = "$(TARGET_NAME)";
				SWIFT_EMIT_LOC_STRINGS = YES;
				SWIFT_VERSION = 5.0;
				TARGETED_DEVICE_FAMILY = "1,2";
			};
			name = Debug;
		};
		9631CE782898811700F5DAA2 /* Release */ = {
			isa = XCBuildConfiguration;
			buildSettings = {
				ASSETCATALOG_COMPILER_APPICON_NAME = AppIcon;
				ASSETCATALOG_COMPILER_GLOBAL_ACCENT_COLOR_NAME = AccentColor;
				CODE_SIGN_STYLE = Automatic;
				CURRENT_PROJECT_VERSION = 1;
				GENERATE_INFOPLIST_FILE = YES;
				INFOPLIST_FILE = FlashCards/Info.plist;
				INFOPLIST_KEY_UIApplicationSupportsIndirectInputEvents = YES;
				INFOPLIST_KEY_UILaunchStoryboardName = LaunchScreen;
				INFOPLIST_KEY_UIMainStoryboardFile = Main;
				INFOPLIST_KEY_UISupportedInterfaceOrientations_iPad = "UIInterfaceOrientationPortrait UIInterfaceOrientationPortraitUpsideDown UIInterfaceOrientationLandscapeLeft UIInterfaceOrientationLandscapeRight";
				INFOPLIST_KEY_UISupportedInterfaceOrientations_iPhone = "UIInterfaceOrientationPortrait UIInterfaceOrientationLandscapeLeft UIInterfaceOrientationLandscapeRight";
				LD_RUNPATH_SEARCH_PATHS = (
					"$(inherited)",
					"@executable_path/Frameworks",
				);
				MARKETING_VERSION = 1.0;
				PRODUCT_BUNDLE_IDENTIFIER = Mason.FlashCards;
				PRODUCT_NAME = "$(TARGET_NAME)";
				SWIFT_EMIT_LOC_STRINGS = YES;
				SWIFT_VERSION = 5.0;
				TARGETED_DEVICE_FAMILY = "1,2";
			};
			name = Release;
		};
		9631CE7A2898811700F5DAA2 /* Debug */ = {
			isa = XCBuildConfiguration;
			buildSettings = {
				ALWAYS_EMBED_SWIFT_STANDARD_LIBRARIES = YES;
				BUNDLE_LOADER = "$(TEST_HOST)";
				CODE_SIGN_STYLE = Automatic;
				CURRENT_PROJECT_VERSION = 1;
				GENERATE_INFOPLIST_FILE = YES;
				IPHONEOS_DEPLOYMENT_TARGET = 15.5;
				MARKETING_VERSION = 1.0;
				PRODUCT_BUNDLE_IDENTIFIER = Mason.FlashCardsTests;
				PRODUCT_NAME = "$(TARGET_NAME)";
				SWIFT_EMIT_LOC_STRINGS = NO;
				SWIFT_VERSION = 5.0;
				TARGETED_DEVICE_FAMILY = "1,2";
				TEST_HOST = "$(BUILT_PRODUCTS_DIR)/FlashCards.app/FlashCards";
			};
			name = Debug;
		};
		9631CE7B2898811700F5DAA2 /* Release */ = {
			isa = XCBuildConfiguration;
			buildSettings = {
				ALWAYS_EMBED_SWIFT_STANDARD_LIBRARIES = YES;
				BUNDLE_LOADER = "$(TEST_HOST)";
				CODE_SIGN_STYLE = Automatic;
				CURRENT_PROJECT_VERSION = 1;
				GENERATE_INFOPLIST_FILE = YES;
				IPHONEOS_DEPLOYMENT_TARGET = 15.5;
				MARKETING_VERSION = 1.0;
				PRODUCT_BUNDLE_IDENTIFIER = Mason.FlashCardsTests;
				PRODUCT_NAME = "$(TARGET_NAME)";
				SWIFT_EMIT_LOC_STRINGS = NO;
				SWIFT_VERSION = 5.0;
				TARGETED_DEVICE_FAMILY = "1,2";
				TEST_HOST = "$(BUILT_PRODUCTS_DIR)/FlashCards.app/FlashCards";
			};
			name = Release;
		};
		9631CE7D2898811700F5DAA2 /* Debug */ = {
			isa = XCBuildConfiguration;
			buildSettings = {
				ALWAYS_EMBED_SWIFT_STANDARD_LIBRARIES = YES;
				CODE_SIGN_STYLE = Automatic;
				CURRENT_PROJECT_VERSION = 1;
				GENERATE_INFOPLIST_FILE = YES;
				MARKETING_VERSION = 1.0;
				PRODUCT_BUNDLE_IDENTIFIER = Mason.FlashCardsUITests;
				PRODUCT_NAME = "$(TARGET_NAME)";
				SWIFT_EMIT_LOC_STRINGS = NO;
				SWIFT_VERSION = 5.0;
				TARGETED_DEVICE_FAMILY = "1,2";
				TEST_TARGET_NAME = FlashCards;
			};
			name = Debug;
		};
		9631CE7E2898811700F5DAA2 /* Release */ = {
			isa = XCBuildConfiguration;
			buildSettings = {
				ALWAYS_EMBED_SWIFT_STANDARD_LIBRARIES = YES;
				CODE_SIGN_STYLE = Automatic;
				CURRENT_PROJECT_VERSION = 1;
				GENERATE_INFOPLIST_FILE = YES;
				MARKETING_VERSION = 1.0;
				PRODUCT_BUNDLE_IDENTIFIER = Mason.FlashCardsUITests;
				PRODUCT_NAME = "$(TARGET_NAME)";
				SWIFT_EMIT_LOC_STRINGS = NO;
				SWIFT_VERSION = 5.0;
				TARGETED_DEVICE_FAMILY = "1,2";
				TEST_TARGET_NAME = FlashCards;
			};
			name = Release;
		};
/* End XCBuildConfiguration section */

/* Begin XCConfigurationList section */
		9631CE442898811500F5DAA2 /* Build configuration list for PBXProject "FlashCards" */ = {
			isa = XCConfigurationList;
			buildConfigurations = (
				9631CE742898811700F5DAA2 /* Debug */,
				9631CE752898811700F5DAA2 /* Release */,
			);
			defaultConfigurationIsVisible = 0;
			defaultConfigurationName = Release;
		};
		9631CE762898811700F5DAA2 /* Build configuration list for PBXNativeTarget "FlashCards" */ = {
			isa = XCConfigurationList;
			buildConfigurations = (
				9631CE772898811700F5DAA2 /* Debug */,
				9631CE782898811700F5DAA2 /* Release */,
			);
			defaultConfigurationIsVisible = 0;
			defaultConfigurationName = Release;
		};
		9631CE792898811700F5DAA2 /* Build configuration list for PBXNativeTarget "FlashCardsTests" */ = {
			isa = XCConfigurationList;
			buildConfigurations = (
				9631CE7A2898811700F5DAA2 /* Debug */,
				9631CE7B2898811700F5DAA2 /* Release */,
			);
			defaultConfigurationIsVisible = 0;
			defaultConfigurationName = Release;
		};
		9631CE7C2898811700F5DAA2 /* Build configuration list for PBXNativeTarget "FlashCardsUITests" */ = {
			isa = XCConfigurationList;
			buildConfigurations = (
				9631CE7D2898811700F5DAA2 /* Debug */,
				9631CE7E2898811700F5DAA2 /* Release */,
			);
			defaultConfigurationIsVisible = 0;
			defaultConfigurationName = Release;
		};
/* End XCConfigurationList section */

/* Begin XCVersionGroup section */
		9631CE552898811500F5DAA2 /* FlashCards.xcdatamodeld */ = {
			isa = XCVersionGroup;
			children = (
				9631CE562898811500F5DAA2 /* FlashCards.xcdatamodel */,
			);
			currentVersion = 9631CE562898811500F5DAA2 /* FlashCards.xcdatamodel */;
			path = FlashCards.xcdatamodeld;
			sourceTree = "<group>";
			versionGroupType = wrapper.xcdatamodel;
		};
/* End XCVersionGroup section */
	};
	rootObject = 9631CE412898811500F5DAA2 /* Project object */;
}
